{"format_version":"1.0","terraform_version":"1.1.2","variables":{"app_name":{"value":"coinswitch"},"aws_profile":{"value":"coinswitch"},"env":{"value":"dev"},"extra_security_group_ids":{"value":[]},"intra_subnet_tags":{"value":{}},"region":{"value":"ap-southeast-1"},"tags_as_map":{"value":{}}},"planned_values":{"root_module":{"resources":[{"address":"aws_eip.this","mode":"managed","type":"aws_eip","name":"this","provider_name":"registry.terraform.io/hashicorp/aws","schema_version":0,"values":{"address":null,"associate_with_private_ip":null,"customer_owned_ipv4_pool":null,"tags":{"Name":"coinswitch-dev-bastion-host-eip","automation":"terraform","environment":"dev","owner":"coinswitch"},"tags_all":{"Name":"coinswitch-dev-bastion-host-eip","automation":"terraform","environment":"dev","owner":"coinswitch"},"timeouts":null,"vpc":true},"sensitive_values":{"tags":{},"tags_all":{}}},{"address":"data.aws_security_group.default[\"vpc1\"]","mode":"data","type":"aws_security_group","name":"default","index":"vpc1","provider_name":"registry.terraform.io/hashicorp/aws","schema_version":0,"values":{"filter":[],"name":"default"},"sensitive_values":{"filter":[],"tags":{}}}],"child_modules":[{"resources":[{"address":"module.backend_security_group.aws_security_group.this","mode":"managed","type":"aws_security_group","name":"this","provider_name":"registry.terraform.io/hashicorp/aws","schema_version":1,"values":{"description":"Managed by Terraform","egress":[{"cidr_blocks":["0.0.0.0/0"],"description":"Allow All Outbound","from_port":0,"ipv6_cidr_blocks":[],"prefix_list_ids":[],"protocol":"-1","security_groups":[],"self":false,"to_port":0},{"cidr_blocks":[],"description":"Allow All Outbound","from_port":0,"ipv6_cidr_blocks":["::/0"],"prefix_list_ids":[],"protocol":"-1","security_groups":[],"self":false,"to_port":0}],"ingress":[{"cidr_blocks":["10.169.0.232/32"],"description":"Allows SSH from Bastion Private IP","from_port":22,"ipv6_cidr_blocks":[],"prefix_list_ids":[],"protocol":"tcp","security_groups":[],"self":false,"to_port":22},{"cidr_blocks":[],"description":"Allows all traffic from self","from_port":0,"ipv6_cidr_blocks":[],"prefix_list_ids":[],"protocol":"tcp","security_groups":[],"self":true,"to_port":65535},{"cidr_blocks":[],"from_port":0,"ipv6_cidr_blocks":[],"prefix_list_ids":[],"protocol":"tcp","self":false,"to_port":65535}],"name":"coinswitch-dev-backend-develop-sg","revoke_rules_on_delete":false,"tags":{"Name":"coinswitch-dev-backend-develop-sg","automation":"terraform","environment":"dev","owner":"coinswitch"},"tags_all":{"Name":"coinswitch-dev-backend-develop-sg","automation":"terraform","environment":"dev","owner":"coinswitch"},"timeouts":null},"sensitive_values":{"egress":[{"cidr_blocks":[false],"ipv6_cidr_blocks":[],"prefix_list_ids":[],"security_groups":[]},{"cidr_blocks":[],"ipv6_cidr_blocks":[false],"prefix_list_ids":[],"security_groups":[]}],"ingress":[{"cidr_blocks":[false],"ipv6_cidr_blocks":[],"prefix_list_ids":[],"security_groups":[]},{"cidr_blocks":[],"ipv6_cidr_blocks":[],"prefix_list_ids":[],"security_groups":[]},{"cidr_blocks":[],"ipv6_cidr_blocks":[],"prefix_list_ids":[],"security_groups":[]}],"tags":{},"tags_all":{}}}],"address":"module.backend_security_group"},{"resources":[{"address":"module.bastion_security_group.aws_security_group.this","mode":"managed","type":"aws_security_group","name":"this","provider_name":"registry.terraform.io/hashicorp/aws","schema_version":1,"values":{"description":"Managed by Terraform","egress":[{"cidr_blocks":["0.0.0.0/0"],"description":"Allow All Outbound","from_port":0,"ipv6_cidr_blocks":[],"prefix_list_ids":[],"protocol":"-1","security_groups":[],"self":false,"to_port":0}],"ingress":[{"cidr_blocks":["18.138.215.40/32"],"description":"Allows traffic on Port 22 from CoinSwitch VPN","from_port":22,"ipv6_cidr_blocks":[],"prefix_list_ids":[],"protocol":"tcp","security_groups":[],"self":false,"to_port":22}],"name":"coinswitch-dev-bastion-develop-sg","revoke_rules_on_delete":false,"tags":{"Name":"coinswitch-dev-bastion-develop-sg","automation":"terraform","environment":"dev","owner":"coinswitch"},"tags_all":{"Name":"coinswitch-dev-bastion-develop-sg","automation":"terraform","environment":"dev","owner":"coinswitch"},"timeouts":null},"sensitive_values":{"egress":[{"cidr_blocks":[false],"ipv6_cidr_blocks":[],"prefix_list_ids":[],"security_groups":[]}],"ingress":[{"cidr_blocks":[false],"ipv6_cidr_blocks":[],"prefix_list_ids":[],"security_groups":[]}],"tags":{},"tags_all":{}}}],"address":"module.bastion_security_group"},{"resources":[{"address":"module.bastion_server.aws_instance.this[0]","mode":"managed","type":"aws_instance","name":"this","index":0,"provider_name":"registry.terraform.io/hashicorp/aws","schema_version":1,"values":{"ami":"ami-0d058fe428540cd89","associate_public_ip_address":true,"credit_specification":[{"cpu_credits":"standard"}],"disable_api_termination":false,"ebs_optimized":false,"get_password_data":false,"hibernation":null,"iam_instance_profile":"","instance_type":"t3.small","key_name":"coinswitch-dev-bastion","launch_template":[],"monitoring":false,"private_ip":"10.169.0.232","root_block_device":[{"delete_on_termination":true,"tags":{"Name":"bastion-root-block"},"volume_size":15,"volume_type":"gp2"}],"source_dest_check":true,"tags":{"Name":"coinswitch-dev-bastion-host","automation":"terraform","environment":"dev","owner":"coinswitch"},"tags_all":{"Name":"coinswitch-dev-bastion-host","automation":"terraform","environment":"dev","owner":"coinswitch"},"tenancy":"default","timeouts":null,"user_data_base64":"IyEvYmluL2Jhc2gKZWNobyAiSGVsbG8gVGVycmFmb3JtISIK","volume_tags":null},"sensitive_values":{"capacity_reservation_specification":[],"credit_specification":[{}],"ebs_block_device":[],"enclave_options":[],"ephemeral_block_device":[],"ipv6_addresses":[],"launch_template":[],"metadata_options":[],"network_interface":[],"root_block_device":[{"tags":{}}],"secondary_private_ips":[],"security_groups":[],"tags":{},"tags_all":{},"vpc_security_group_ids":[]}}],"address":"module.bastion_server"},{"resources":[{"address":"module.frontend_security_group.aws_security_group.this","mode":"managed","type":"aws_security_group","name":"this","provider_name":"registry.terraform.io/hashicorp/aws","schema_version":1,"values":{"description":"Managed by Terraform","egress":[{"cidr_blocks":["0.0.0.0/0"],"description":"Allow All Outbound","from_port":0,"ipv6_cidr_blocks":[],"prefix_list_ids":[],"protocol":"-1","security_groups":[],"self":false,"to_port":0}],"ingress":[{"cidr_blocks":["49.36.211.153/32","18.138.215.40/32"],"description":"Allows traffic on Port 443","from_port":443,"ipv6_cidr_blocks":[],"prefix_list_ids":[],"protocol":"tcp","security_groups":[],"self":false,"to_port":443},{"cidr_blocks":["49.36.211.153/32","18.138.215.40/32"],"description":"Allows traffic on Port 80","from_port":8000,"ipv6_cidr_blocks":[],"prefix_list_ids":[],"protocol":"tcp","security_groups":[],"self":false,"to_port":8000},{"cidr_blocks":["49.36.211.153/32","18.138.215.40/32"],"description":"Allows traffic on Port 80","from_port":80,"ipv6_cidr_blocks":[],"prefix_list_ids":[],"protocol":"tcp","security_groups":[],"self":false,"to_port":80}],"name":"coinswitch-dev-frontend-develop-sg","revoke_rules_on_delete":false,"tags":{"Name":"coinswitch-dev-frontend-develop-sg","automation":"terraform","environment":"dev","owner":"coinswitch"},"tags_all":{"Name":"coinswitch-dev-frontend-develop-sg","automation":"terraform","environment":"dev","owner":"coinswitch"},"timeouts":null},"sensitive_values":{"egress":[{"cidr_blocks":[false],"ipv6_cidr_blocks":[],"prefix_list_ids":[],"security_groups":[]}],"ingress":[{"cidr_blocks":[false,false],"ipv6_cidr_blocks":[],"prefix_list_ids":[],"security_groups":[]},{"cidr_blocks":[false,false],"ipv6_cidr_blocks":[],"prefix_list_ids":[],"security_groups":[]},{"cidr_blocks":[false,false],"ipv6_cidr_blocks":[],"prefix_list_ids":[],"security_groups":[]}],"tags":{},"tags_all":{}}}],"address":"module.frontend_security_group"},{"resources":[{"address":"module.key_pair_bastion.aws_key_pair.this[0]","mode":"managed","type":"aws_key_pair","name":"this","index":0,"provider_name":"registry.terraform.io/hashicorp/aws","schema_version":1,"values":{"key_name":"coinswitch-dev-bastion","public_key":"ssh-rsa AAAAB3NzaC1yc2EAAAADAQABAAABgQDPOpgWA1Us+DwkR1m/HCVXTAnQrdUKijskLoELPfptkbX2VkDTppIIROl9tg7fM2r2+6GRJESlnsYOloiygGKZv8nUlkMeTDxbGroB0CvhdjtkrTSv+1RzWYomEzc+ZBrBwO+8cKVorVIRKuUzErfJ5RbVe91f+GKMkMExpR43yhrZbmcaKgBzcI9mxaCeOMtPjSYAAMOysjycL1XXZrD0JKwWODNGOToA/uWghiFPViDS4XshfrniRYS/TIN8pZeVtIaQCDEGYMCsrL2+wh3Ole/U9S1xvFv3QqRlyNGGVA8UTzxPD4vgkBkJD7yK1gey5GhOpl5qjRr5llmCdEQ1n7zgunwBvlfjo06wapMLXq1nxJNKhMsiW91gIgUYvcgRyiDyVlOw3Afn1ctOq8SOfhqxlTcBBOzwsO23T23Cxm6Yw+pRvgS5vNpveCfuUVsD6RVjj8nhIkjgOk+HMebeX/KfNGvnvxj29hz4M7wxWYHovUX7rFmvN/blQs5fx4E= app_coinswitch","tags":{"automation":"terraform","environment":"dev","owner":"coinswitch"},"tags_all":{"automation":"terraform","environment":"dev","owner":"coinswitch"}},"sensitive_values":{"tags":{},"tags_all":{}}}],"address":"module.key_pair_bastion"},{"resources":[{"address":"module.lambda_security_group.aws_security_group.this","mode":"managed","type":"aws_security_group","name":"this","provider_name":"registry.terraform.io/hashicorp/aws","schema_version":1,"values":{"description":"Managed by Terraform","egress":[{"cidr_blocks":["0.0.0.0/0"],"description":"Allow All Outbound Communication 1","from_port":0,"ipv6_cidr_blocks":[],"prefix_list_ids":[],"protocol":"-1","security_groups":[],"self":false,"to_port":0},{"cidr_blocks":[],"description":"Allow All Outbound Communication 2","from_port":0,"ipv6_cidr_blocks":["::/0"],"prefix_list_ids":[],"protocol":"-1","security_groups":[],"self":false,"to_port":0}],"name":"coinswitch-dev-lambda-develop-sg","revoke_rules_on_delete":false,"tags":{"Name":"coinswitch-dev-lambda-develop-sg","automation":"terraform","environment":"dev","owner":"coinswitch"},"tags_all":{"Name":"coinswitch-dev-lambda-develop-sg","automation":"terraform","environment":"dev","owner":"coinswitch"},"timeouts":null},"sensitive_values":{"egress":[{"cidr_blocks":[false],"ipv6_cidr_blocks":[],"prefix_list_ids":[],"security_groups":[]},{"cidr_blocks":[],"ipv6_cidr_blocks":[false],"prefix_list_ids":[],"security_groups":[]}],"ingress":[],"tags":{},"tags_all":{}}}],"address":"module.lambda_security_group"},{"resources":[{"address":"module.vpc[\"vpc1\"].aws_default_route_table.default[0]","mode":"managed","type":"aws_default_route_table","name":"default","index":0,"provider_name":"registry.terraform.io/hashicorp/aws","schema_version":0,"values":{"propagating_vgws":null,"tags":{"Name":"coinswitch-dev-default-rt","automation":"terraform","environment":"dev","owner":"coinswitch"},"tags_all":{"Name":"coinswitch-dev-default-rt","automation":"terraform","environment":"dev","owner":"coinswitch"},"timeouts":null},"sensitive_values":{"route":[],"tags":{},"tags_all":{}}},{"address":"module.vpc[\"vpc1\"].aws_eip.nat[0]","mode":"managed","type":"aws_eip","name":"nat","index":0,"provider_name":"registry.terraform.io/hashicorp/aws","schema_version":0,"values":{"address":null,"associate_with_private_ip":null,"customer_owned_ipv4_pool":null,"tags":{"Name":"coinswitch-dev-ap-southeast-1a-ngw-eip","automation":"terraform","environment":"dev","owner":"coinswitch"},"tags_all":{"Name":"coinswitch-dev-ap-southeast-1a-ngw-eip","automation":"terraform","environment":"dev","owner":"coinswitch"},"timeouts":null,"vpc":true},"sensitive_values":{"tags":{},"tags_all":{}}},{"address":"module.vpc[\"vpc1\"].aws_internet_gateway.this[0]","mode":"managed","type":"aws_internet_gateway","name":"this","index":0,"provider_name":"registry.terraform.io/hashicorp/aws","schema_version":0,"values":{"tags":{"Name":"coinswitch-dev-igw","automation":"terraform","environment":"dev","owner":"coinswitch"},"tags_all":{"Name":"coinswitch-dev-igw","automation":"terraform","environment":"dev","owner":"coinswitch"}},"sensitive_values":{"tags":{},"tags_all":{}}},{"address":"module.vpc[\"vpc1\"].aws_nat_gateway.this[0]","mode":"managed","type":"aws_nat_gateway","name":"this","index":0,"provider_name":"registry.terraform.io/hashicorp/aws","schema_version":0,"values":{"connectivity_type":"public","tags":{"Name":"coinswitch-dev-ap-southeast-1a-eip","automation":"terraform","environment":"dev","owner":"coinswitch"},"tags_all":{"Name":"coinswitch-dev-ap-southeast-1a-eip","automation":"terraform","environment":"dev","owner":"coinswitch"}},"sensitive_values":{"tags":{},"tags_all":{}}},{"address":"module.vpc[\"vpc1\"].aws_network_acl.private[0]","mode":"managed","type":"aws_network_acl","name":"private","index":0,"provider_name":"registry.terraform.io/hashicorp/aws","schema_version":0,"values":{"tags":{"Name":"pvt-coinswitch-dev-nacl","automation":"terraform","environment":"dev","owner":"coinswitch"},"tags_all":{"Name":"pvt-coinswitch-dev-nacl","automation":"terraform","environment":"dev","owner":"coinswitch"}},"sensitive_values":{"egress":[],"ingress":[],"subnet_ids":[],"tags":{},"tags_all":{}}},{"address":"module.vpc[\"vpc1\"].aws_network_acl_rule.private_inbound[0]","mode":"managed","type":"aws_network_acl_rule","name":"private_inbound","index":0,"provider_name":"registry.terraform.io/hashicorp/aws","schema_version":0,"values":{"cidr_block":"10.169.0.0/21","egress":false,"from_port":1024,"icmp_code":null,"icmp_type":null,"ipv6_cidr_block":null,"protocol":"tcp","rule_action":"allow","rule_number":10,"to_port":65535},"sensitive_values":{}},{"address":"module.vpc[\"vpc1\"].aws_network_acl_rule.private_inbound[1]","mode":"managed","type":"aws_network_acl_rule","name":"private_inbound","index":1,"provider_name":"registry.terraform.io/hashicorp/aws","schema_version":0,"values":{"cidr_block":"10.169.8.0/21","egress":false,"from_port":1024,"icmp_code":null,"icmp_type":null,"ipv6_cidr_block":null,"protocol":"tcp","rule_action":"allow","rule_number":20,"to_port":65535},"sensitive_values":{}},{"address":"module.vpc[\"vpc1\"].aws_network_acl_rule.private_inbound[2]","mode":"managed","type":"aws_network_acl_rule","name":"private_inbound","index":2,"provider_name":"registry.terraform.io/hashicorp/aws","schema_version":0,"values":{"cidr_block":"10.169.0.232/32","egress":false,"from_port":22,"icmp_code":null,"icmp_type":null,"ipv6_cidr_block":null,"protocol":"tcp","rule_action":"allow","rule_number":30,"to_port":22},"sensitive_values":{}},{"address":"module.vpc[\"vpc1\"].aws_network_acl_rule.private_inbound[3]","mode":"managed","type":"aws_network_acl_rule","name":"private_inbound","index":3,"provider_name":"registry.terraform.io/hashicorp/aws","schema_version":0,"values":{"cidr_block":"0.0.0.0/0","egress":false,"from_port":443,"icmp_code":null,"icmp_type":null,"ipv6_cidr_block":null,"protocol":"tcp","rule_action":"allow","rule_number":35,"to_port":443},"sensitive_values":{}},{"address":"module.vpc[\"vpc1\"].aws_network_acl_rule.private_inbound[4]","mode":"managed","type":"aws_network_acl_rule","name":"private_inbound","index":4,"provider_name":"registry.terraform.io/hashicorp/aws","schema_version":0,"values":{"cidr_block":"10.169.0.0/21","egress":false,"from_port":0,"icmp_code":null,"icmp_type":null,"ipv6_cidr_block":null,"protocol":"-1","rule_action":"allow","rule_number":40,"to_port":0},"sensitive_values":{}},{"address":"module.vpc[\"vpc1\"].aws_network_acl_rule.private_inbound[5]","mode":"managed","type":"aws_network_acl_rule","name":"private_inbound","index":5,"provider_name":"registry.terraform.io/hashicorp/aws","schema_version":0,"values":{"cidr_block":"10.169.8.0/21","egress":false,"from_port":0,"icmp_code":null,"icmp_type":null,"ipv6_cidr_block":null,"protocol":"-1","rule_action":"allow","rule_number":50,"to_port":0},"sensitive_values":{}},{"address":"module.vpc[\"vpc1\"].aws_network_acl_rule.private_inbound[6]","mode":"managed","type":"aws_network_acl_rule","name":"private_inbound","index":6,"provider_name":"registry.terraform.io/hashicorp/aws","schema_version":0,"values":{"cidr_block":"0.0.0.0/0","egress":false,"from_port":0,"icmp_code":null,"icmp_type":null,"ipv6_cidr_block":null,"protocol":"-1","rule_action":"allow","rule_number":60,"to_port":0},"sensitive_values":{}},{"address":"module.vpc[\"vpc1\"].aws_network_acl_rule.private_outbound[0]","mode":"managed","type":"aws_network_acl_rule","name":"private_outbound","index":0,"provider_name":"registry.terraform.io/hashicorp/aws","schema_version":0,"values":{"cidr_block":"0.0.0.0/0","egress":true,"from_port":0,"icmp_code":null,"icmp_type":null,"ipv6_cidr_block":null,"protocol":"-1","rule_action":"allow","rule_number":100,"to_port":0},"sensitive_values":{}},{"address":"module.vpc[\"vpc1\"].aws_route.private_nat_gateway[0]","mode":"managed","type":"aws_route","name":"private_nat_gateway","index":0,"provider_name":"registry.terraform.io/hashicorp/aws","schema_version":0,"values":{"carrier_gateway_id":null,"destination_cidr_block":"0.0.0.0/0","destination_ipv6_cidr_block":null,"destination_prefix_list_id":null,"egress_only_gateway_id":null,"gateway_id":null,"local_gateway_id":null,"timeouts":{"create":"5m","delete":null,"update":null},"transit_gateway_id":null,"vpc_endpoint_id":null,"vpc_peering_connection_id":null},"sensitive_values":{"timeouts":{}}},{"address":"module.vpc[\"vpc1\"].aws_route.public_internet_gateway[0]","mode":"managed","type":"aws_route","name":"public_internet_gateway","index":0,"provider_name":"registry.terraform.io/hashicorp/aws","schema_version":0,"values":{"carrier_gateway_id":null,"destination_cidr_block":"0.0.0.0/0","destination_ipv6_cidr_block":null,"destination_prefix_list_id":null,"egress_only_gateway_id":null,"local_gateway_id":null,"nat_gateway_id":null,"timeouts":{"create":"5m","delete":null,"update":null},"transit_gateway_id":null,"vpc_endpoint_id":null,"vpc_peering_connection_id":null},"sensitive_values":{"timeouts":{}}},{"address":"module.vpc[\"vpc1\"].aws_route_table.database[0]","mode":"managed","type":"aws_route_table","name":"database","index":0,"provider_name":"registry.terraform.io/hashicorp/aws","schema_version":0,"values":{"tags":{"Name":"db-coinswitch-dev-rt","automation":"terraform","environment":"dev","owner":"coinswitch"},"tags_all":{"Name":"db-coinswitch-dev-rt","automation":"terraform","environment":"dev","owner":"coinswitch"},"timeouts":null},"sensitive_values":{"propagating_vgws":[],"route":[],"tags":{},"tags_all":{}}},{"address":"module.vpc[\"vpc1\"].aws_route_table.private[0]","mode":"managed","type":"aws_route_table","name":"private","index":0,"provider_name":"registry.terraform.io/hashicorp/aws","schema_version":0,"values":{"tags":{"Name":"pvt-coinswitch-dev-rt","automation":"terraform","environment":"dev","owner":"coinswitch"},"tags_all":{"Name":"pvt-coinswitch-dev-rt","automation":"terraform","environment":"dev","owner":"coinswitch"},"timeouts":null},"sensitive_values":{"propagating_vgws":[],"route":[],"tags":{},"tags_all":{}}},{"address":"module.vpc[\"vpc1\"].aws_route_table.public[0]","mode":"managed","type":"aws_route_table","name":"public","index":0,"provider_name":"registry.terraform.io/hashicorp/aws","schema_version":0,"values":{"tags":{"Name":"pub-coinswitch-dev-rt","automation":"terraform","environment":"dev","owner":"coinswitch"},"tags_all":{"Name":"pub-coinswitch-dev-rt","automation":"terraform","environment":"dev","owner":"coinswitch"},"timeouts":null},"sensitive_values":{"propagating_vgws":[],"route":[],"tags":{},"tags_all":{}}},{"address":"module.vpc[\"vpc1\"].aws_route_table_association.database[0]","mode":"managed","type":"aws_route_table_association","name":"database","index":0,"provider_name":"registry.terraform.io/hashicorp/aws","schema_version":0,"values":{"gateway_id":null},"sensitive_values":{}},{"address":"module.vpc[\"vpc1\"].aws_route_table_association.database[1]","mode":"managed","type":"aws_route_table_association","name":"database","index":1,"provider_name":"registry.terraform.io/hashicorp/aws","schema_version":0,"values":{"gateway_id":null},"sensitive_values":{}},{"address":"module.vpc[\"vpc1\"].aws_route_table_association.private[0]","mode":"managed","type":"aws_route_table_association","name":"private","index":0,"provider_name":"registry.terraform.io/hashicorp/aws","schema_version":0,"values":{"gateway_id":null},"sensitive_values":{}},{"address":"module.vpc[\"vpc1\"].aws_route_table_association.private[1]","mode":"managed","type":"aws_route_table_association","name":"private","index":1,"provider_name":"registry.terraform.io/hashicorp/aws","schema_version":0,"values":{"gateway_id":null},"sensitive_values":{}},{"address":"module.vpc[\"vpc1\"].aws_route_table_association.public[0]","mode":"managed","type":"aws_route_table_association","name":"public","index":0,"provider_name":"registry.terraform.io/hashicorp/aws","schema_version":0,"values":{"gateway_id":null},"sensitive_values":{}},{"address":"module.vpc[\"vpc1\"].aws_route_table_association.public[1]","mode":"managed","type":"aws_route_table_association","name":"public","index":1,"provider_name":"registry.terraform.io/hashicorp/aws","schema_version":0,"values":{"gateway_id":null},"sensitive_values":{}},{"address":"module.vpc[\"vpc1\"].aws_subnet.database[0]","mode":"managed","type":"aws_subnet","name":"database","index":0,"provider_name":"registry.terraform.io/hashicorp/aws","schema_version":1,"values":{"assign_ipv6_address_on_creation":false,"availability_zone":"ap-southeast-1a","cidr_block":"10.169.96.0/24","customer_owned_ipv4_pool":null,"enable_dns64":false,"enable_resource_name_dns_a_record_on_launch":false,"enable_resource_name_dns_aaaa_record_on_launch":false,"ipv6_cidr_block":null,"ipv6_native":false,"map_customer_owned_ip_on_launch":null,"map_public_ip_on_launch":false,"outpost_arn":null,"tags":{"Name":"db-dev-coinswitch-subnet-1","automation":"terraform","environment":"dev","owner":"coinswitch","subnet_type":"database"},"tags_all":{"Name":"db-dev-coinswitch-subnet-1","automation":"terraform","environment":"dev","owner":"coinswitch","subnet_type":"database"},"timeouts":null},"sensitive_values":{"tags":{},"tags_all":{}}},{"address":"module.vpc[\"vpc1\"].aws_subnet.database[1]","mode":"managed","type":"aws_subnet","name":"database","index":1,"provider_name":"registry.terraform.io/hashicorp/aws","schema_version":1,"values":{"assign_ipv6_address_on_creation":false,"availability_zone":"ap-southeast-1b","cidr_block":"10.169.97.0/24","customer_owned_ipv4_pool":null,"enable_dns64":false,"enable_resource_name_dns_a_record_on_launch":false,"enable_resource_name_dns_aaaa_record_on_launch":false,"ipv6_cidr_block":null,"ipv6_native":false,"map_customer_owned_ip_on_launch":null,"map_public_ip_on_launch":false,"outpost_arn":null,"tags":{"Name":"db-dev-coinswitch-subnet-2","automation":"terraform","environment":"dev","owner":"coinswitch","subnet_type":"database"},"tags_all":{"Name":"db-dev-coinswitch-subnet-2","automation":"terraform","environment":"dev","owner":"coinswitch","subnet_type":"database"},"timeouts":null},"sensitive_values":{"tags":{},"tags_all":{}}},{"address":"module.vpc[\"vpc1\"].aws_subnet.private[0]","mode":"managed","type":"aws_subnet","name":"private","index":0,"provider_name":"registry.terraform.io/hashicorp/aws","schema_version":1,"values":{"assign_ipv6_address_on_creation":false,"availability_zone":"ap-southeast-1a","cidr_block":"10.169.32.0/21","customer_owned_ipv4_pool":null,"enable_dns64":false,"enable_resource_name_dns_a_record_on_launch":false,"enable_resource_name_dns_aaaa_record_on_launch":false,"ipv6_cidr_block":null,"ipv6_native":false,"map_customer_owned_ip_on_launch":null,"map_public_ip_on_launch":false,"outpost_arn":null,"tags":{"Name":"pvt-dev-coinswitch-subnet-1","automation":"terraform","environment":"dev","owner":"coinswitch","subnet_type":"private"},"tags_all":{"Name":"pvt-dev-coinswitch-subnet-1","automation":"terraform","environment":"dev","owner":"coinswitch","subnet_type":"private"},"timeouts":null},"sensitive_values":{"tags":{},"tags_all":{}}},{"address":"module.vpc[\"vpc1\"].aws_subnet.private[1]","mode":"managed","type":"aws_subnet","name":"private","index":1,"provider_name":"registry.terraform.io/hashicorp/aws","schema_version":1,"values":{"assign_ipv6_address_on_creation":false,"availability_zone":"ap-southeast-1b","cidr_block":"10.169.40.0/21","customer_owned_ipv4_pool":null,"enable_dns64":false,"enable_resource_name_dns_a_record_on_launch":false,"enable_resource_name_dns_aaaa_record_on_launch":false,"ipv6_cidr_block":null,"ipv6_native":false,"map_customer_owned_ip_on_launch":null,"map_public_ip_on_launch":false,"outpost_arn":null,"tags":{"Name":"pvt-dev-coinswitch-subnet-2","automation":"terraform","environment":"dev","owner":"coinswitch","subnet_type":"private"},"tags_all":{"Name":"pvt-dev-coinswitch-subnet-2","automation":"terraform","environment":"dev","owner":"coinswitch","subnet_type":"private"},"timeouts":null},"sensitive_values":{"tags":{},"tags_all":{}}},{"address":"module.vpc[\"vpc1\"].aws_subnet.public[0]","mode":"managed","type":"aws_subnet","name":"public","index":0,"provider_name":"registry.terraform.io/hashicorp/aws","schema_version":1,"values":{"assign_ipv6_address_on_creation":false,"availability_zone":"ap-southeast-1a","cidr_block":"10.169.0.0/21","customer_owned_ipv4_pool":null,"enable_dns64":false,"enable_resource_name_dns_a_record_on_launch":false,"enable_resource_name_dns_aaaa_record_on_launch":false,"ipv6_cidr_block":null,"ipv6_native":false,"map_customer_owned_ip_on_launch":null,"map_public_ip_on_launch":true,"outpost_arn":null,"tags":{"Name":"pub-dev-coinswitch-subnet-1","automation":"terraform","environment":"dev","owner":"coinswitch","subnet_type":"public"},"tags_all":{"Name":"pub-dev-coinswitch-subnet-1","automation":"terraform","environment":"dev","owner":"coinswitch","subnet_type":"public"},"timeouts":null},"sensitive_values":{"tags":{},"tags_all":{}}},{"address":"module.vpc[\"vpc1\"].aws_subnet.public[1]","mode":"managed","type":"aws_subnet","name":"public","index":1,"provider_name":"registry.terraform.io/hashicorp/aws","schema_version":1,"values":{"assign_ipv6_address_on_creation":false,"availability_zone":"ap-southeast-1b","cidr_block":"10.169.8.0/21","customer_owned_ipv4_pool":null,"enable_dns64":false,"enable_resource_name_dns_a_record_on_launch":false,"enable_resource_name_dns_aaaa_record_on_launch":false,"ipv6_cidr_block":null,"ipv6_native":false,"map_customer_owned_ip_on_launch":null,"map_public_ip_on_launch":true,"outpost_arn":null,"tags":{"Name":"pub-dev-coinswitch-subnet-2","automation":"terraform","environment":"dev","owner":"coinswitch","subnet_type":"public"},"tags_all":{"Name":"pub-dev-coinswitch-subnet-2","automation":"terraform","environment":"dev","owner":"coinswitch","subnet_type":"public"},"timeouts":null},"sensitive_values":{"tags":{},"tags_all":{}}},{"address":"module.vpc[\"vpc1\"].aws_vpc.this[0]","mode":"managed","type":"aws_vpc","name":"this","index":0,"provider_name":"registry.terraform.io/hashicorp/aws","schema_version":1,"values":{"assign_generated_ipv6_cidr_block":false,"cidr_block":"10.169.0.0/16","enable_dns_hostnames":true,"enable_dns_support":true,"instance_tenancy":"default","ipv4_ipam_pool_id":null,"ipv4_netmask_length":null,"ipv6_ipam_pool_id":null,"ipv6_netmask_length":null,"tags":{"Name":"coinswitch-dev-vpc","automation":"terraform","environment":"dev","owner":"coinswitch"},"tags_all":{"Name":"coinswitch-dev-vpc","automation":"terraform","environment":"dev","owner":"coinswitch"}},"sensitive_values":{"tags":{},"tags_all":{}}}],"address":"module.vpc[\"vpc1\"]"},{"resources":[{"address":"module.vpc_endpoints[\"dynamodb_vpc1\"].aws_vpc_endpoint.this","mode":"managed","type":"aws_vpc_endpoint","name":"this","provider_name":"registry.terraform.io/hashicorp/aws","schema_version":0,"values":{"auto_accept":null,"private_dns_enabled":false,"service_name":"com.amazonaws.ap-southeast-1.dynamodb","tags":{"Endpoint":"true","Name":"coinswitch-dev-dynamodb","Project":"Secret","automation":"terraform","environment":"dev","owner":"coinswitch"},"tags_all":{"Endpoint":"true","Name":"coinswitch-dev-dynamodb","Project":"Secret","automation":"terraform","environment":"dev","owner":"coinswitch"},"timeouts":{"create":"10m","delete":"10m","update":"10m"},"vpc_endpoint_type":"Gateway"},"sensitive_values":{"cidr_blocks":[],"dns_entry":[],"network_interface_ids":[],"route_table_ids":[],"security_group_ids":[],"subnet_ids":[],"tags":{},"tags_all":{},"timeouts":{}}}],"address":"module.vpc_endpoints[\"dynamodb_vpc1\"]"},{"resources":[{"address":"module.vpc_endpoints[\"s3_vpc1\"].aws_vpc_endpoint.this","mode":"managed","type":"aws_vpc_endpoint","name":"this","provider_name":"registry.terraform.io/hashicorp/aws","schema_version":0,"values":{"auto_accept":null,"private_dns_enabled":false,"service_name":"com.amazonaws.ap-southeast-1.s3","tags":{"Endpoint":"true","Name":"coinswitch-dev-s3","Project":"Secret","automation":"terraform","environment":"dev","owner":"coinswitch"},"tags_all":{"Endpoint":"true","Name":"coinswitch-dev-s3","Project":"Secret","automation":"terraform","environment":"dev","owner":"coinswitch"},"timeouts":{"create":"10m","delete":"10m","update":"10m"},"vpc_endpoint_type":"Interface"},"sensitive_values":{"cidr_blocks":[],"dns_entry":[],"network_interface_ids":[],"route_table_ids":[],"security_group_ids":[],"subnet_ids":[],"tags":{},"tags_all":{},"timeouts":{}}}],"address":"module.vpc_endpoints[\"s3_vpc1\"]"}]}},"resource_changes":[{"address":"aws_eip.this","mode":"managed","type":"aws_eip","name":"this","provider_name":"registry.terraform.io/hashicorp/aws","change":{"actions":["create"],"before":null,"after":{"address":null,"associate_with_private_ip":null,"customer_owned_ipv4_pool":null,"tags":{"Name":"coinswitch-dev-bastion-host-eip","automation":"terraform","environment":"dev","owner":"coinswitch"},"tags_all":{"Name":"coinswitch-dev-bastion-host-eip","automation":"terraform","environment":"dev","owner":"coinswitch"},"timeouts":null,"vpc":true},"after_unknown":{"allocation_id":true,"association_id":true,"carrier_ip":true,"customer_owned_ip":true,"domain":true,"id":true,"instance":true,"network_border_group":true,"network_interface":true,"private_dns":true,"private_ip":true,"public_dns":true,"public_ip":true,"public_ipv4_pool":true,"tags":{},"tags_all":{}},"before_sensitive":false,"after_sensitive":{"tags":{},"tags_all":{}}}},{"address":"data.aws_security_group.default[\"vpc1\"]","mode":"data","type":"aws_security_group","name":"default","index":"vpc1","provider_name":"registry.terraform.io/hashicorp/aws","change":{"actions":["read"],"before":null,"after":{"filter":[],"name":"default"},"after_unknown":{"arn":true,"description":true,"filter":[],"id":true,"tags":true,"vpc_id":true},"before_sensitive":false,"after_sensitive":{"filter":[],"tags":{}}}},{"address":"module.backend_security_group.aws_security_group.this","module_address":"module.backend_security_group","mode":"managed","type":"aws_security_group","name":"this","provider_name":"registry.terraform.io/hashicorp/aws","change":{"actions":["create"],"before":null,"after":{"description":"Managed by Terraform","egress":[{"cidr_blocks":["0.0.0.0/0"],"description":"Allow All Outbound","from_port":0,"ipv6_cidr_blocks":[],"prefix_list_ids":[],"protocol":"-1","security_groups":[],"self":false,"to_port":0},{"cidr_blocks":[],"description":"Allow All Outbound","from_port":0,"ipv6_cidr_blocks":["::/0"],"prefix_list_ids":[],"protocol":"-1","security_groups":[],"self":false,"to_port":0}],"ingress":[{"cidr_blocks":["10.169.0.232/32"],"description":"Allows SSH from Bastion Private IP","from_port":22,"ipv6_cidr_blocks":[],"prefix_list_ids":[],"protocol":"tcp","security_groups":[],"self":false,"to_port":22},{"cidr_blocks":[],"description":"Allows all traffic from self","from_port":0,"ipv6_cidr_blocks":[],"prefix_list_ids":[],"protocol":"tcp","security_groups":[],"self":true,"to_port":65535},{"cidr_blocks":[],"from_port":0,"ipv6_cidr_blocks":[],"prefix_list_ids":[],"protocol":"tcp","self":false,"to_port":65535}],"name":"coinswitch-dev-backend-develop-sg","revoke_rules_on_delete":false,"tags":{"Name":"coinswitch-dev-backend-develop-sg","automation":"terraform","environment":"dev","owner":"coinswitch"},"tags_all":{"Name":"coinswitch-dev-backend-develop-sg","automation":"terraform","environment":"dev","owner":"coinswitch"},"timeouts":null},"after_unknown":{"arn":true,"egress":[{"cidr_blocks":[false],"ipv6_cidr_blocks":[],"prefix_list_ids":[],"security_groups":[]},{"cidr_blocks":[],"ipv6_cidr_blocks":[false],"prefix_list_ids":[],"security_groups":[]}],"id":true,"ingress":[{"cidr_blocks":[false],"ipv6_cidr_blocks":[],"prefix_list_ids":[],"security_groups":[]},{"cidr_blocks":[],"ipv6_cidr_blocks":[],"prefix_list_ids":[],"security_groups":[]},{"cidr_blocks":[],"description":true,"ipv6_cidr_blocks":[],"prefix_list_ids":[],"security_groups":true}],"name_prefix":true,"owner_id":true,"tags":{},"tags_all":{},"vpc_id":true},"before_sensitive":false,"after_sensitive":{"egress":[{"cidr_blocks":[false],"ipv6_cidr_blocks":[],"prefix_list_ids":[],"security_groups":[]},{"cidr_blocks":[],"ipv6_cidr_blocks":[false],"prefix_list_ids":[],"security_groups":[]}],"ingress":[{"cidr_blocks":[false],"ipv6_cidr_blocks":[],"prefix_list_ids":[],"security_groups":[]},{"cidr_blocks":[],"ipv6_cidr_blocks":[],"prefix_list_ids":[],"security_groups":[]},{"cidr_blocks":[],"ipv6_cidr_blocks":[],"prefix_list_ids":[],"security_groups":[]}],"tags":{},"tags_all":{}}}},{"address":"module.bastion_security_group.aws_security_group.this","module_address":"module.bastion_security_group","mode":"managed","type":"aws_security_group","name":"this","provider_name":"registry.terraform.io/hashicorp/aws","change":{"actions":["create"],"before":null,"after":{"description":"Managed by Terraform","egress":[{"cidr_blocks":["0.0.0.0/0"],"description":"Allow All Outbound","from_port":0,"ipv6_cidr_blocks":[],"prefix_list_ids":[],"protocol":"-1","security_groups":[],"self":false,"to_port":0}],"ingress":[{"cidr_blocks":["18.138.215.40/32"],"description":"Allows traffic on Port 22 from CoinSwitch VPN","from_port":22,"ipv6_cidr_blocks":[],"prefix_list_ids":[],"protocol":"tcp","security_groups":[],"self":false,"to_port":22}],"name":"coinswitch-dev-bastion-develop-sg","revoke_rules_on_delete":false,"tags":{"Name":"coinswitch-dev-bastion-develop-sg","automation":"terraform","environment":"dev","owner":"coinswitch"},"tags_all":{"Name":"coinswitch-dev-bastion-develop-sg","automation":"terraform","environment":"dev","owner":"coinswitch"},"timeouts":null},"after_unknown":{"arn":true,"egress":[{"cidr_blocks":[false],"ipv6_cidr_blocks":[],"prefix_list_ids":[],"security_groups":[]}],"id":true,"ingress":[{"cidr_blocks":[false],"ipv6_cidr_blocks":[],"prefix_list_ids":[],"security_groups":[]}],"name_prefix":true,"owner_id":true,"tags":{},"tags_all":{},"vpc_id":true},"before_sensitive":false,"after_sensitive":{"egress":[{"cidr_blocks":[false],"ipv6_cidr_blocks":[],"prefix_list_ids":[],"security_groups":[]}],"ingress":[{"cidr_blocks":[false],"ipv6_cidr_blocks":[],"prefix_list_ids":[],"security_groups":[]}],"tags":{},"tags_all":{}}}},{"address":"module.bastion_server.aws_instance.this[0]","module_address":"module.bastion_server","mode":"managed","type":"aws_instance","name":"this","index":0,"provider_name":"registry.terraform.io/hashicorp/aws","change":{"actions":["create"],"before":null,"after":{"ami":"ami-0d058fe428540cd89","associate_public_ip_address":true,"credit_specification":[{"cpu_credits":"standard"}],"disable_api_termination":false,"ebs_optimized":false,"get_password_data":false,"hibernation":null,"iam_instance_profile":"","instance_type":"t3.small","key_name":"coinswitch-dev-bastion","launch_template":[],"monitoring":false,"private_ip":"10.169.0.232","root_block_device":[{"delete_on_termination":true,"tags":{"Name":"bastion-root-block"},"volume_size":15,"volume_type":"gp2"}],"source_dest_check":true,"tags":{"Name":"coinswitch-dev-bastion-host","automation":"terraform","environment":"dev","owner":"coinswitch"},"tags_all":{"Name":"coinswitch-dev-bastion-host","automation":"terraform","environment":"dev","owner":"coinswitch"},"tenancy":"default","timeouts":null,"user_data_base64":"IyEvYmluL2Jhc2gKZWNobyAiSGVsbG8gVGVycmFmb3JtISIK","volume_tags":null},"after_unknown":{"arn":true,"availability_zone":true,"capacity_reservation_specification":true,"cpu_core_count":true,"cpu_threads_per_core":true,"credit_specification":[{}],"ebs_block_device":true,"enclave_options":true,"ephemeral_block_device":true,"host_id":true,"id":true,"instance_initiated_shutdown_behavior":true,"instance_state":true,"ipv6_address_count":true,"ipv6_addresses":true,"launch_template":[],"metadata_options":true,"network_interface":true,"outpost_arn":true,"password_data":true,"placement_group":true,"placement_partition_number":true,"primary_network_interface_id":true,"private_dns":true,"public_dns":true,"public_ip":true,"root_block_device":[{"device_name":true,"encrypted":true,"iops":true,"kms_key_id":true,"tags":{},"throughput":true,"volume_id":true}],"secondary_private_ips":true,"security_groups":true,"subnet_id":true,"tags":{},"tags_all":{},"user_data":true,"vpc_security_group_ids":true},"before_sensitive":false,"after_sensitive":{"capacity_reservation_specification":[],"credit_specification":[{}],"ebs_block_device":[],"enclave_options":[],"ephemeral_block_device":[],"ipv6_addresses":[],"launch_template":[],"metadata_options":[],"network_interface":[],"root_block_device":[{"tags":{}}],"secondary_private_ips":[],"security_groups":[],"tags":{},"tags_all":{},"vpc_security_group_ids":[]}}},{"address":"module.frontend_security_group.aws_security_group.this","module_address":"module.frontend_security_group","mode":"managed","type":"aws_security_group","name":"this","provider_name":"registry.terraform.io/hashicorp/aws","change":{"actions":["create"],"before":null,"after":{"description":"Managed by Terraform","egress":[{"cidr_blocks":["0.0.0.0/0"],"description":"Allow All Outbound","from_port":0,"ipv6_cidr_blocks":[],"prefix_list_ids":[],"protocol":"-1","security_groups":[],"self":false,"to_port":0}],"ingress":[{"cidr_blocks":["49.36.211.153/32","18.138.215.40/32"],"description":"Allows traffic on Port 443","from_port":443,"ipv6_cidr_blocks":[],"prefix_list_ids":[],"protocol":"tcp","security_groups":[],"self":false,"to_port":443},{"cidr_blocks":["49.36.211.153/32","18.138.215.40/32"],"description":"Allows traffic on Port 80","from_port":8000,"ipv6_cidr_blocks":[],"prefix_list_ids":[],"protocol":"tcp","security_groups":[],"self":false,"to_port":8000},{"cidr_blocks":["49.36.211.153/32","18.138.215.40/32"],"description":"Allows traffic on Port 80","from_port":80,"ipv6_cidr_blocks":[],"prefix_list_ids":[],"protocol":"tcp","security_groups":[],"self":false,"to_port":80}],"name":"coinswitch-dev-frontend-develop-sg","revoke_rules_on_delete":false,"tags":{"Name":"coinswitch-dev-frontend-develop-sg","automation":"terraform","environment":"dev","owner":"coinswitch"},"tags_all":{"Name":"coinswitch-dev-frontend-develop-sg","automation":"terraform","environment":"dev","owner":"coinswitch"},"timeouts":null},"after_unknown":{"arn":true,"egress":[{"cidr_blocks":[false],"ipv6_cidr_blocks":[],"prefix_list_ids":[],"security_groups":[]}],"id":true,"ingress":[{"cidr_blocks":[false,false],"ipv6_cidr_blocks":[],"prefix_list_ids":[],"security_groups":[]},{"cidr_blocks":[false,false],"ipv6_cidr_blocks":[],"prefix_list_ids":[],"security_groups":[]},{"cidr_blocks":[false,false],"ipv6_cidr_blocks":[],"prefix_list_ids":[],"security_groups":[]}],"name_prefix":true,"owner_id":true,"tags":{},"tags_all":{},"vpc_id":true},"before_sensitive":false,"after_sensitive":{"egress":[{"cidr_blocks":[false],"ipv6_cidr_blocks":[],"prefix_list_ids":[],"security_groups":[]}],"ingress":[{"cidr_blocks":[false,false],"ipv6_cidr_blocks":[],"prefix_list_ids":[],"security_groups":[]},{"cidr_blocks":[false,false],"ipv6_cidr_blocks":[],"prefix_list_ids":[],"security_groups":[]},{"cidr_blocks":[false,false],"ipv6_cidr_blocks":[],"prefix_list_ids":[],"security_groups":[]}],"tags":{},"tags_all":{}}}},{"address":"module.key_pair_bastion.aws_key_pair.this[0]","module_address":"module.key_pair_bastion","mode":"managed","type":"aws_key_pair","name":"this","index":0,"provider_name":"registry.terraform.io/hashicorp/aws","change":{"actions":["create"],"before":null,"after":{"key_name":"coinswitch-dev-bastion","public_key":"ssh-rsa AAAAB3NzaC1yc2EAAAADAQABAAABgQDPOpgWA1Us+DwkR1m/HCVXTAnQrdUKijskLoELPfptkbX2VkDTppIIROl9tg7fM2r2+6GRJESlnsYOloiygGKZv8nUlkMeTDxbGroB0CvhdjtkrTSv+1RzWYomEzc+ZBrBwO+8cKVorVIRKuUzErfJ5RbVe91f+GKMkMExpR43yhrZbmcaKgBzcI9mxaCeOMtPjSYAAMOysjycL1XXZrD0JKwWODNGOToA/uWghiFPViDS4XshfrniRYS/TIN8pZeVtIaQCDEGYMCsrL2+wh3Ole/U9S1xvFv3QqRlyNGGVA8UTzxPD4vgkBkJD7yK1gey5GhOpl5qjRr5llmCdEQ1n7zgunwBvlfjo06wapMLXq1nxJNKhMsiW91gIgUYvcgRyiDyVlOw3Afn1ctOq8SOfhqxlTcBBOzwsO23T23Cxm6Yw+pRvgS5vNpveCfuUVsD6RVjj8nhIkjgOk+HMebeX/KfNGvnvxj29hz4M7wxWYHovUX7rFmvN/blQs5fx4E= app_coinswitch","tags":{"automation":"terraform","environment":"dev","owner":"coinswitch"},"tags_all":{"automation":"terraform","environment":"dev","owner":"coinswitch"}},"after_unknown":{"arn":true,"fingerprint":true,"id":true,"key_name_prefix":true,"key_pair_id":true,"tags":{},"tags_all":{}},"before_sensitive":false,"after_sensitive":{"tags":{},"tags_all":{}}}},{"address":"module.lambda_security_group.aws_security_group.this","module_address":"module.lambda_security_group","mode":"managed","type":"aws_security_group","name":"this","provider_name":"registry.terraform.io/hashicorp/aws","change":{"actions":["create"],"before":null,"after":{"description":"Managed by Terraform","egress":[{"cidr_blocks":["0.0.0.0/0"],"description":"Allow All Outbound Communication 1","from_port":0,"ipv6_cidr_blocks":[],"prefix_list_ids":[],"protocol":"-1","security_groups":[],"self":false,"to_port":0},{"cidr_blocks":[],"description":"Allow All Outbound Communication 2","from_port":0,"ipv6_cidr_blocks":["::/0"],"prefix_list_ids":[],"protocol":"-1","security_groups":[],"self":false,"to_port":0}],"name":"coinswitch-dev-lambda-develop-sg","revoke_rules_on_delete":false,"tags":{"Name":"coinswitch-dev-lambda-develop-sg","automation":"terraform","environment":"dev","owner":"coinswitch"},"tags_all":{"Name":"coinswitch-dev-lambda-develop-sg","automation":"terraform","environment":"dev","owner":"coinswitch"},"timeouts":null},"after_unknown":{"arn":true,"egress":[{"cidr_blocks":[false],"ipv6_cidr_blocks":[],"prefix_list_ids":[],"security_groups":[]},{"cidr_blocks":[],"ipv6_cidr_blocks":[false],"prefix_list_ids":[],"security_groups":[]}],"id":true,"ingress":true,"name_prefix":true,"owner_id":true,"tags":{},"tags_all":{},"vpc_id":true},"before_sensitive":false,"after_sensitive":{"egress":[{"cidr_blocks":[false],"ipv6_cidr_blocks":[],"prefix_list_ids":[],"security_groups":[]},{"cidr_blocks":[],"ipv6_cidr_blocks":[false],"prefix_list_ids":[],"security_groups":[]}],"ingress":[],"tags":{},"tags_all":{}}}},{"address":"module.vpc[\"vpc1\"].aws_default_route_table.default[0]","module_address":"module.vpc[\"vpc1\"]","mode":"managed","type":"aws_default_route_table","name":"default","index":0,"provider_name":"registry.terraform.io/hashicorp/aws","change":{"actions":["create"],"before":null,"after":{"propagating_vgws":null,"tags":{"Name":"coinswitch-dev-default-rt","automation":"terraform","environment":"dev","owner":"coinswitch"},"tags_all":{"Name":"coinswitch-dev-default-rt","automation":"terraform","environment":"dev","owner":"coinswitch"},"timeouts":null},"after_unknown":{"arn":true,"default_route_table_id":true,"id":true,"owner_id":true,"route":true,"tags":{},"tags_all":{},"vpc_id":true},"before_sensitive":false,"after_sensitive":{"route":[],"tags":{},"tags_all":{}}}},{"address":"module.vpc[\"vpc1\"].aws_eip.nat[0]","module_address":"module.vpc[\"vpc1\"]","mode":"managed","type":"aws_eip","name":"nat","index":0,"provider_name":"registry.terraform.io/hashicorp/aws","change":{"actions":["create"],"before":null,"after":{"address":null,"associate_with_private_ip":null,"customer_owned_ipv4_pool":null,"tags":{"Name":"coinswitch-dev-ap-southeast-1a-ngw-eip","automation":"terraform","environment":"dev","owner":"coinswitch"},"tags_all":{"Name":"coinswitch-dev-ap-southeast-1a-ngw-eip","automation":"terraform","environment":"dev","owner":"coinswitch"},"timeouts":null,"vpc":true},"after_unknown":{"allocation_id":true,"association_id":true,"carrier_ip":true,"customer_owned_ip":true,"domain":true,"id":true,"instance":true,"network_border_group":true,"network_interface":true,"private_dns":true,"private_ip":true,"public_dns":true,"public_ip":true,"public_ipv4_pool":true,"tags":{},"tags_all":{}},"before_sensitive":false,"after_sensitive":{"tags":{},"tags_all":{}}}},{"address":"module.vpc[\"vpc1\"].aws_internet_gateway.this[0]","module_address":"module.vpc[\"vpc1\"]","mode":"managed","type":"aws_internet_gateway","name":"this","index":0,"provider_name":"registry.terraform.io/hashicorp/aws","change":{"actions":["create"],"before":null,"after":{"tags":{"Name":"coinswitch-dev-igw","automation":"terraform","environment":"dev","owner":"coinswitch"},"tags_all":{"Name":"coinswitch-dev-igw","automation":"terraform","environment":"dev","owner":"coinswitch"}},"after_unknown":{"arn":true,"id":true,"owner_id":true,"tags":{},"tags_all":{},"vpc_id":true},"before_sensitive":false,"after_sensitive":{"tags":{},"tags_all":{}}}},{"address":"module.vpc[\"vpc1\"].aws_nat_gateway.this[0]","module_address":"module.vpc[\"vpc1\"]","mode":"managed","type":"aws_nat_gateway","name":"this","index":0,"provider_name":"registry.terraform.io/hashicorp/aws","change":{"actions":["create"],"before":null,"after":{"connectivity_type":"public","tags":{"Name":"coinswitch-dev-ap-southeast-1a-eip","automation":"terraform","environment":"dev","owner":"coinswitch"},"tags_all":{"Name":"coinswitch-dev-ap-southeast-1a-eip","automation":"terraform","environment":"dev","owner":"coinswitch"}},"after_unknown":{"allocation_id":true,"id":true,"network_interface_id":true,"private_ip":true,"public_ip":true,"subnet_id":true,"tags":{},"tags_all":{}},"before_sensitive":false,"after_sensitive":{"tags":{},"tags_all":{}}}},{"address":"module.vpc[\"vpc1\"].aws_network_acl.private[0]","module_address":"module.vpc[\"vpc1\"]","mode":"managed","type":"aws_network_acl","name":"private","index":0,"provider_name":"registry.terraform.io/hashicorp/aws","change":{"actions":["create"],"before":null,"after":{"tags":{"Name":"pvt-coinswitch-dev-nacl","automation":"terraform","environment":"dev","owner":"coinswitch"},"tags_all":{"Name":"pvt-coinswitch-dev-nacl","automation":"terraform","environment":"dev","owner":"coinswitch"}},"after_unknown":{"arn":true,"egress":true,"id":true,"ingress":true,"owner_id":true,"subnet_ids":true,"tags":{},"tags_all":{},"vpc_id":true},"before_sensitive":false,"after_sensitive":{"egress":[],"ingress":[],"subnet_ids":[],"tags":{},"tags_all":{}}}},{"address":"module.vpc[\"vpc1\"].aws_network_acl_rule.private_inbound[0]","module_address":"module.vpc[\"vpc1\"]","mode":"managed","type":"aws_network_acl_rule","name":"private_inbound","index":0,"provider_name":"registry.terraform.io/hashicorp/aws","change":{"actions":["create"],"before":null,"after":{"cidr_block":"10.169.0.0/21","egress":false,"from_port":1024,"icmp_code":null,"icmp_type":null,"ipv6_cidr_block":null,"protocol":"tcp","rule_action":"allow","rule_number":10,"to_port":65535},"after_unknown":{"id":true,"network_acl_id":true},"before_sensitive":false,"after_sensitive":{}}},{"address":"module.vpc[\"vpc1\"].aws_network_acl_rule.private_inbound[1]","module_address":"module.vpc[\"vpc1\"]","mode":"managed","type":"aws_network_acl_rule","name":"private_inbound","index":1,"provider_name":"registry.terraform.io/hashicorp/aws","change":{"actions":["create"],"before":null,"after":{"cidr_block":"10.169.8.0/21","egress":false,"from_port":1024,"icmp_code":null,"icmp_type":null,"ipv6_cidr_block":null,"protocol":"tcp","rule_action":"allow","rule_number":20,"to_port":65535},"after_unknown":{"id":true,"network_acl_id":true},"before_sensitive":false,"after_sensitive":{}}},{"address":"module.vpc[\"vpc1\"].aws_network_acl_rule.private_inbound[2]","module_address":"module.vpc[\"vpc1\"]","mode":"managed","type":"aws_network_acl_rule","name":"private_inbound","index":2,"provider_name":"registry.terraform.io/hashicorp/aws","change":{"actions":["create"],"before":null,"after":{"cidr_block":"10.169.0.232/32","egress":false,"from_port":22,"icmp_code":null,"icmp_type":null,"ipv6_cidr_block":null,"protocol":"tcp","rule_action":"allow","rule_number":30,"to_port":22},"after_unknown":{"id":true,"network_acl_id":true},"before_sensitive":false,"after_sensitive":{}}},{"address":"module.vpc[\"vpc1\"].aws_network_acl_rule.private_inbound[3]","module_address":"module.vpc[\"vpc1\"]","mode":"managed","type":"aws_network_acl_rule","name":"private_inbound","index":3,"provider_name":"registry.terraform.io/hashicorp/aws","change":{"actions":["create"],"before":null,"after":{"cidr_block":"0.0.0.0/0","egress":false,"from_port":443,"icmp_code":null,"icmp_type":null,"ipv6_cidr_block":null,"protocol":"tcp","rule_action":"allow","rule_number":35,"to_port":443},"after_unknown":{"id":true,"network_acl_id":true},"before_sensitive":false,"after_sensitive":{}}},{"address":"module.vpc[\"vpc1\"].aws_network_acl_rule.private_inbound[4]","module_address":"module.vpc[\"vpc1\"]","mode":"managed","type":"aws_network_acl_rule","name":"private_inbound","index":4,"provider_name":"registry.terraform.io/hashicorp/aws","change":{"actions":["create"],"before":null,"after":{"cidr_block":"10.169.0.0/21","egress":false,"from_port":0,"icmp_code":null,"icmp_type":null,"ipv6_cidr_block":null,"protocol":"-1","rule_action":"allow","rule_number":40,"to_port":0},"after_unknown":{"id":true,"network_acl_id":true},"before_sensitive":false,"after_sensitive":{}}},{"address":"module.vpc[\"vpc1\"].aws_network_acl_rule.private_inbound[5]","module_address":"module.vpc[\"vpc1\"]","mode":"managed","type":"aws_network_acl_rule","name":"private_inbound","index":5,"provider_name":"registry.terraform.io/hashicorp/aws","change":{"actions":["create"],"before":null,"after":{"cidr_block":"10.169.8.0/21","egress":false,"from_port":0,"icmp_code":null,"icmp_type":null,"ipv6_cidr_block":null,"protocol":"-1","rule_action":"allow","rule_number":50,"to_port":0},"after_unknown":{"id":true,"network_acl_id":true},"before_sensitive":false,"after_sensitive":{}}},{"address":"module.vpc[\"vpc1\"].aws_network_acl_rule.private_inbound[6]","module_address":"module.vpc[\"vpc1\"]","mode":"managed","type":"aws_network_acl_rule","name":"private_inbound","index":6,"provider_name":"registry.terraform.io/hashicorp/aws","change":{"actions":["create"],"before":null,"after":{"cidr_block":"0.0.0.0/0","egress":false,"from_port":0,"icmp_code":null,"icmp_type":null,"ipv6_cidr_block":null,"protocol":"-1","rule_action":"allow","rule_number":60,"to_port":0},"after_unknown":{"id":true,"network_acl_id":true},"before_sensitive":false,"after_sensitive":{}}},{"address":"module.vpc[\"vpc1\"].aws_network_acl_rule.private_outbound[0]","module_address":"module.vpc[\"vpc1\"]","mode":"managed","type":"aws_network_acl_rule","name":"private_outbound","index":0,"provider_name":"registry.terraform.io/hashicorp/aws","change":{"actions":["create"],"before":null,"after":{"cidr_block":"0.0.0.0/0","egress":true,"from_port":0,"icmp_code":null,"icmp_type":null,"ipv6_cidr_block":null,"protocol":"-1","rule_action":"allow","rule_number":100,"to_port":0},"after_unknown":{"id":true,"network_acl_id":true},"before_sensitive":false,"after_sensitive":{}}},{"address":"module.vpc[\"vpc1\"].aws_route.private_nat_gateway[0]","module_address":"module.vpc[\"vpc1\"]","mode":"managed","type":"aws_route","name":"private_nat_gateway","index":0,"provider_name":"registry.terraform.io/hashicorp/aws","change":{"actions":["create"],"before":null,"after":{"carrier_gateway_id":null,"destination_cidr_block":"0.0.0.0/0","destination_ipv6_cidr_block":null,"destination_prefix_list_id":null,"egress_only_gateway_id":null,"gateway_id":null,"local_gateway_id":null,"timeouts":{"create":"5m","delete":null,"update":null},"transit_gateway_id":null,"vpc_endpoint_id":null,"vpc_peering_connection_id":null},"after_unknown":{"id":true,"instance_id":true,"instance_owner_id":true,"nat_gateway_id":true,"network_interface_id":true,"origin":true,"route_table_id":true,"state":true,"timeouts":{}},"before_sensitive":false,"after_sensitive":{"timeouts":{}}}},{"address":"module.vpc[\"vpc1\"].aws_route.public_internet_gateway[0]","module_address":"module.vpc[\"vpc1\"]","mode":"managed","type":"aws_route","name":"public_internet_gateway","index":0,"provider_name":"registry.terraform.io/hashicorp/aws","change":{"actions":["create"],"before":null,"after":{"carrier_gateway_id":null,"destination_cidr_block":"0.0.0.0/0","destination_ipv6_cidr_block":null,"destination_prefix_list_id":null,"egress_only_gateway_id":null,"local_gateway_id":null,"nat_gateway_id":null,"timeouts":{"create":"5m","delete":null,"update":null},"transit_gateway_id":null,"vpc_endpoint_id":null,"vpc_peering_connection_id":null},"after_unknown":{"gateway_id":true,"id":true,"instance_id":true,"instance_owner_id":true,"network_interface_id":true,"origin":true,"route_table_id":true,"state":true,"timeouts":{}},"before_sensitive":false,"after_sensitive":{"timeouts":{}}}},{"address":"module.vpc[\"vpc1\"].aws_route_table.database[0]","module_address":"module.vpc[\"vpc1\"]","mode":"managed","type":"aws_route_table","name":"database","index":0,"provider_name":"registry.terraform.io/hashicorp/aws","change":{"actions":["create"],"before":null,"after":{"tags":{"Name":"db-coinswitch-dev-rt","automation":"terraform","environment":"dev","owner":"coinswitch"},"tags_all":{"Name":"db-coinswitch-dev-rt","automation":"terraform","environment":"dev","owner":"coinswitch"},"timeouts":null},"after_unknown":{"arn":true,"id":true,"owner_id":true,"propagating_vgws":true,"route":true,"tags":{},"tags_all":{},"vpc_id":true},"before_sensitive":false,"after_sensitive":{"propagating_vgws":[],"route":[],"tags":{},"tags_all":{}}}},{"address":"module.vpc[\"vpc1\"].aws_route_table.private[0]","module_address":"module.vpc[\"vpc1\"]","mode":"managed","type":"aws_route_table","name":"private","index":0,"provider_name":"registry.terraform.io/hashicorp/aws","change":{"actions":["create"],"before":null,"after":{"tags":{"Name":"pvt-coinswitch-dev-rt","automation":"terraform","environment":"dev","owner":"coinswitch"},"tags_all":{"Name":"pvt-coinswitch-dev-rt","automation":"terraform","environment":"dev","owner":"coinswitch"},"timeouts":null},"after_unknown":{"arn":true,"id":true,"owner_id":true,"propagating_vgws":true,"route":true,"tags":{},"tags_all":{},"vpc_id":true},"before_sensitive":false,"after_sensitive":{"propagating_vgws":[],"route":[],"tags":{},"tags_all":{}}}},{"address":"module.vpc[\"vpc1\"].aws_route_table.public[0]","module_address":"module.vpc[\"vpc1\"]","mode":"managed","type":"aws_route_table","name":"public","index":0,"provider_name":"registry.terraform.io/hashicorp/aws","change":{"actions":["create"],"before":null,"after":{"tags":{"Name":"pub-coinswitch-dev-rt","automation":"terraform","environment":"dev","owner":"coinswitch"},"tags_all":{"Name":"pub-coinswitch-dev-rt","automation":"terraform","environment":"dev","owner":"coinswitch"},"timeouts":null},"after_unknown":{"arn":true,"id":true,"owner_id":true,"propagating_vgws":true,"route":true,"tags":{},"tags_all":{},"vpc_id":true},"before_sensitive":false,"after_sensitive":{"propagating_vgws":[],"route":[],"tags":{},"tags_all":{}}}},{"address":"module.vpc[\"vpc1\"].aws_route_table_association.database[0]","module_address":"module.vpc[\"vpc1\"]","mode":"managed","type":"aws_route_table_association","name":"database","index":0,"provider_name":"registry.terraform.io/hashicorp/aws","change":{"actions":["create"],"before":null,"after":{"gateway_id":null},"after_unknown":{"id":true,"route_table_id":true,"subnet_id":true},"before_sensitive":false,"after_sensitive":{}}},{"address":"module.vpc[\"vpc1\"].aws_route_table_association.database[1]","module_address":"module.vpc[\"vpc1\"]","mode":"managed","type":"aws_route_table_association","name":"database","index":1,"provider_name":"registry.terraform.io/hashicorp/aws","change":{"actions":["create"],"before":null,"after":{"gateway_id":null},"after_unknown":{"id":true,"route_table_id":true,"subnet_id":true},"before_sensitive":false,"after_sensitive":{}}},{"address":"module.vpc[\"vpc1\"].aws_route_table_association.private[0]","module_address":"module.vpc[\"vpc1\"]","mode":"managed","type":"aws_route_table_association","name":"private","index":0,"provider_name":"registry.terraform.io/hashicorp/aws","change":{"actions":["create"],"before":null,"after":{"gateway_id":null},"after_unknown":{"id":true,"route_table_id":true,"subnet_id":true},"before_sensitive":false,"after_sensitive":{}}},{"address":"module.vpc[\"vpc1\"].aws_route_table_association.private[1]","module_address":"module.vpc[\"vpc1\"]","mode":"managed","type":"aws_route_table_association","name":"private","index":1,"provider_name":"registry.terraform.io/hashicorp/aws","change":{"actions":["create"],"before":null,"after":{"gateway_id":null},"after_unknown":{"id":true,"route_table_id":true,"subnet_id":true},"before_sensitive":false,"after_sensitive":{}}},{"address":"module.vpc[\"vpc1\"].aws_route_table_association.public[0]","module_address":"module.vpc[\"vpc1\"]","mode":"managed","type":"aws_route_table_association","name":"public","index":0,"provider_name":"registry.terraform.io/hashicorp/aws","change":{"actions":["create"],"before":null,"after":{"gateway_id":null},"after_unknown":{"id":true,"route_table_id":true,"subnet_id":true},"before_sensitive":false,"after_sensitive":{}}},{"address":"module.vpc[\"vpc1\"].aws_route_table_association.public[1]","module_address":"module.vpc[\"vpc1\"]","mode":"managed","type":"aws_route_table_association","name":"public","index":1,"provider_name":"registry.terraform.io/hashicorp/aws","change":{"actions":["create"],"before":null,"after":{"gateway_id":null},"after_unknown":{"id":true,"route_table_id":true,"subnet_id":true},"before_sensitive":false,"after_sensitive":{}}},{"address":"module.vpc[\"vpc1\"].aws_subnet.database[0]","module_address":"module.vpc[\"vpc1\"]","mode":"managed","type":"aws_subnet","name":"database","index":0,"provider_name":"registry.terraform.io/hashicorp/aws","change":{"actions":["create"],"before":null,"after":{"assign_ipv6_address_on_creation":false,"availability_zone":"ap-southeast-1a","cidr_block":"10.169.96.0/24","customer_owned_ipv4_pool":null,"enable_dns64":false,"enable_resource_name_dns_a_record_on_launch":false,"enable_resource_name_dns_aaaa_record_on_launch":false,"ipv6_cidr_block":null,"ipv6_native":false,"map_customer_owned_ip_on_launch":null,"map_public_ip_on_launch":false,"outpost_arn":null,"tags":{"Name":"db-dev-coinswitch-subnet-1","automation":"terraform","environment":"dev","owner":"coinswitch","subnet_type":"database"},"tags_all":{"Name":"db-dev-coinswitch-subnet-1","automation":"terraform","environment":"dev","owner":"coinswitch","subnet_type":"database"},"timeouts":null},"after_unknown":{"arn":true,"availability_zone_id":true,"id":true,"ipv6_cidr_block_association_id":true,"owner_id":true,"private_dns_hostname_type_on_launch":true,"tags":{},"tags_all":{},"vpc_id":true},"before_sensitive":false,"after_sensitive":{"tags":{},"tags_all":{}}}},{"address":"module.vpc[\"vpc1\"].aws_subnet.database[1]","module_address":"module.vpc[\"vpc1\"]","mode":"managed","type":"aws_subnet","name":"database","index":1,"provider_name":"registry.terraform.io/hashicorp/aws","change":{"actions":["create"],"before":null,"after":{"assign_ipv6_address_on_creation":false,"availability_zone":"ap-southeast-1b","cidr_block":"10.169.97.0/24","customer_owned_ipv4_pool":null,"enable_dns64":false,"enable_resource_name_dns_a_record_on_launch":false,"enable_resource_name_dns_aaaa_record_on_launch":false,"ipv6_cidr_block":null,"ipv6_native":false,"map_customer_owned_ip_on_launch":null,"map_public_ip_on_launch":false,"outpost_arn":null,"tags":{"Name":"db-dev-coinswitch-subnet-2","automation":"terraform","environment":"dev","owner":"coinswitch","subnet_type":"database"},"tags_all":{"Name":"db-dev-coinswitch-subnet-2","automation":"terraform","environment":"dev","owner":"coinswitch","subnet_type":"database"},"timeouts":null},"after_unknown":{"arn":true,"availability_zone_id":true,"id":true,"ipv6_cidr_block_association_id":true,"owner_id":true,"private_dns_hostname_type_on_launch":true,"tags":{},"tags_all":{},"vpc_id":true},"before_sensitive":false,"after_sensitive":{"tags":{},"tags_all":{}}}},{"address":"module.vpc[\"vpc1\"].aws_subnet.private[0]","module_address":"module.vpc[\"vpc1\"]","mode":"managed","type":"aws_subnet","name":"private","index":0,"provider_name":"registry.terraform.io/hashicorp/aws","change":{"actions":["create"],"before":null,"after":{"assign_ipv6_address_on_creation":false,"availability_zone":"ap-southeast-1a","cidr_block":"10.169.32.0/21","customer_owned_ipv4_pool":null,"enable_dns64":false,"enable_resource_name_dns_a_record_on_launch":false,"enable_resource_name_dns_aaaa_record_on_launch":false,"ipv6_cidr_block":null,"ipv6_native":false,"map_customer_owned_ip_on_launch":null,"map_public_ip_on_launch":false,"outpost_arn":null,"tags":{"Name":"pvt-dev-coinswitch-subnet-1","automation":"terraform","environment":"dev","owner":"coinswitch","subnet_type":"private"},"tags_all":{"Name":"pvt-dev-coinswitch-subnet-1","automation":"terraform","environment":"dev","owner":"coinswitch","subnet_type":"private"},"timeouts":null},"after_unknown":{"arn":true,"availability_zone_id":true,"id":true,"ipv6_cidr_block_association_id":true,"owner_id":true,"private_dns_hostname_type_on_launch":true,"tags":{},"tags_all":{},"vpc_id":true},"before_sensitive":false,"after_sensitive":{"tags":{},"tags_all":{}}}},{"address":"module.vpc[\"vpc1\"].aws_subnet.private[1]","module_address":"module.vpc[\"vpc1\"]","mode":"managed","type":"aws_subnet","name":"private","index":1,"provider_name":"registry.terraform.io/hashicorp/aws","change":{"actions":["create"],"before":null,"after":{"assign_ipv6_address_on_creation":false,"availability_zone":"ap-southeast-1b","cidr_block":"10.169.40.0/21","customer_owned_ipv4_pool":null,"enable_dns64":false,"enable_resource_name_dns_a_record_on_launch":false,"enable_resource_name_dns_aaaa_record_on_launch":false,"ipv6_cidr_block":null,"ipv6_native":false,"map_customer_owned_ip_on_launch":null,"map_public_ip_on_launch":false,"outpost_arn":null,"tags":{"Name":"pvt-dev-coinswitch-subnet-2","automation":"terraform","environment":"dev","owner":"coinswitch","subnet_type":"private"},"tags_all":{"Name":"pvt-dev-coinswitch-subnet-2","automation":"terraform","environment":"dev","owner":"coinswitch","subnet_type":"private"},"timeouts":null},"after_unknown":{"arn":true,"availability_zone_id":true,"id":true,"ipv6_cidr_block_association_id":true,"owner_id":true,"private_dns_hostname_type_on_launch":true,"tags":{},"tags_all":{},"vpc_id":true},"before_sensitive":false,"after_sensitive":{"tags":{},"tags_all":{}}}},{"address":"module.vpc[\"vpc1\"].aws_subnet.public[0]","module_address":"module.vpc[\"vpc1\"]","mode":"managed","type":"aws_subnet","name":"public","index":0,"provider_name":"registry.terraform.io/hashicorp/aws","change":{"actions":["create"],"before":null,"after":{"assign_ipv6_address_on_creation":false,"availability_zone":"ap-southeast-1a","cidr_block":"10.169.0.0/21","customer_owned_ipv4_pool":null,"enable_dns64":false,"enable_resource_name_dns_a_record_on_launch":false,"enable_resource_name_dns_aaaa_record_on_launch":false,"ipv6_cidr_block":null,"ipv6_native":false,"map_customer_owned_ip_on_launch":null,"map_public_ip_on_launch":true,"outpost_arn":null,"tags":{"Name":"pub-dev-coinswitch-subnet-1","automation":"terraform","environment":"dev","owner":"coinswitch","subnet_type":"public"},"tags_all":{"Name":"pub-dev-coinswitch-subnet-1","automation":"terraform","environment":"dev","owner":"coinswitch","subnet_type":"public"},"timeouts":null},"after_unknown":{"arn":true,"availability_zone_id":true,"id":true,"ipv6_cidr_block_association_id":true,"owner_id":true,"private_dns_hostname_type_on_launch":true,"tags":{},"tags_all":{},"vpc_id":true},"before_sensitive":false,"after_sensitive":{"tags":{},"tags_all":{}}}},{"address":"module.vpc[\"vpc1\"].aws_subnet.public[1]","module_address":"module.vpc[\"vpc1\"]","mode":"managed","type":"aws_subnet","name":"public","index":1,"provider_name":"registry.terraform.io/hashicorp/aws","change":{"actions":["create"],"before":null,"after":{"assign_ipv6_address_on_creation":false,"availability_zone":"ap-southeast-1b","cidr_block":"10.169.8.0/21","customer_owned_ipv4_pool":null,"enable_dns64":false,"enable_resource_name_dns_a_record_on_launch":false,"enable_resource_name_dns_aaaa_record_on_launch":false,"ipv6_cidr_block":null,"ipv6_native":false,"map_customer_owned_ip_on_launch":null,"map_public_ip_on_launch":true,"outpost_arn":null,"tags":{"Name":"pub-dev-coinswitch-subnet-2","automation":"terraform","environment":"dev","owner":"coinswitch","subnet_type":"public"},"tags_all":{"Name":"pub-dev-coinswitch-subnet-2","automation":"terraform","environment":"dev","owner":"coinswitch","subnet_type":"public"},"timeouts":null},"after_unknown":{"arn":true,"availability_zone_id":true,"id":true,"ipv6_cidr_block_association_id":true,"owner_id":true,"private_dns_hostname_type_on_launch":true,"tags":{},"tags_all":{},"vpc_id":true},"before_sensitive":false,"after_sensitive":{"tags":{},"tags_all":{}}}},{"address":"module.vpc[\"vpc1\"].aws_vpc.this[0]","module_address":"module.vpc[\"vpc1\"]","mode":"managed","type":"aws_vpc","name":"this","index":0,"provider_name":"registry.terraform.io/hashicorp/aws","change":{"actions":["create"],"before":null,"after":{"assign_generated_ipv6_cidr_block":false,"cidr_block":"10.169.0.0/16","enable_dns_hostnames":true,"enable_dns_support":true,"instance_tenancy":"default","ipv4_ipam_pool_id":null,"ipv4_netmask_length":null,"ipv6_ipam_pool_id":null,"ipv6_netmask_length":null,"tags":{"Name":"coinswitch-dev-vpc","automation":"terraform","environment":"dev","owner":"coinswitch"},"tags_all":{"Name":"coinswitch-dev-vpc","automation":"terraform","environment":"dev","owner":"coinswitch"}},"after_unknown":{"arn":true,"default_network_acl_id":true,"default_route_table_id":true,"default_security_group_id":true,"dhcp_options_id":true,"enable_classiclink":true,"enable_classiclink_dns_support":true,"id":true,"ipv6_association_id":true,"ipv6_cidr_block":true,"main_route_table_id":true,"owner_id":true,"tags":{},"tags_all":{}},"before_sensitive":false,"after_sensitive":{"tags":{},"tags_all":{}}}},{"address":"module.vpc_endpoints[\"dynamodb_vpc1\"].aws_vpc_endpoint.this","module_address":"module.vpc_endpoints[\"dynamodb_vpc1\"]","mode":"managed","type":"aws_vpc_endpoint","name":"this","provider_name":"registry.terraform.io/hashicorp/aws","change":{"actions":["create"],"before":null,"after":{"auto_accept":null,"private_dns_enabled":false,"service_name":"com.amazonaws.ap-southeast-1.dynamodb","tags":{"Endpoint":"true","Name":"coinswitch-dev-dynamodb","Project":"Secret","automation":"terraform","environment":"dev","owner":"coinswitch"},"tags_all":{"Endpoint":"true","Name":"coinswitch-dev-dynamodb","Project":"Secret","automation":"terraform","environment":"dev","owner":"coinswitch"},"timeouts":{"create":"10m","delete":"10m","update":"10m"},"vpc_endpoint_type":"Gateway"},"after_unknown":{"arn":true,"cidr_blocks":true,"dns_entry":true,"id":true,"network_interface_ids":true,"owner_id":true,"policy":true,"prefix_list_id":true,"requester_managed":true,"route_table_ids":true,"security_group_ids":true,"state":true,"subnet_ids":true,"tags":{},"tags_all":{},"timeouts":{},"vpc_id":true},"before_sensitive":false,"after_sensitive":{"cidr_blocks":[],"dns_entry":[],"network_interface_ids":[],"route_table_ids":[],"security_group_ids":[],"subnet_ids":[],"tags":{},"tags_all":{},"timeouts":{}}}},{"address":"module.vpc_endpoints[\"s3_vpc1\"].aws_vpc_endpoint.this","module_address":"module.vpc_endpoints[\"s3_vpc1\"]","mode":"managed","type":"aws_vpc_endpoint","name":"this","provider_name":"registry.terraform.io/hashicorp/aws","change":{"actions":["create"],"before":null,"after":{"auto_accept":null,"private_dns_enabled":false,"service_name":"com.amazonaws.ap-southeast-1.s3","tags":{"Endpoint":"true","Name":"coinswitch-dev-s3","Project":"Secret","automation":"terraform","environment":"dev","owner":"coinswitch"},"tags_all":{"Endpoint":"true","Name":"coinswitch-dev-s3","Project":"Secret","automation":"terraform","environment":"dev","owner":"coinswitch"},"timeouts":{"create":"10m","delete":"10m","update":"10m"},"vpc_endpoint_type":"Interface"},"after_unknown":{"arn":true,"cidr_blocks":true,"dns_entry":true,"id":true,"network_interface_ids":true,"owner_id":true,"policy":true,"prefix_list_id":true,"requester_managed":true,"route_table_ids":true,"security_group_ids":true,"state":true,"subnet_ids":true,"tags":{},"tags_all":{},"timeouts":{},"vpc_id":true},"before_sensitive":false,"after_sensitive":{"cidr_blocks":[],"dns_entry":[],"network_interface_ids":[],"route_table_ids":[],"security_group_ids":[],"subnet_ids":[],"tags":{},"tags_all":{},"timeouts":{}}}}],"prior_state":{"format_version":"1.0","terraform_version":"1.1.2","values":{"root_module":{"resources":[{"address":"data.aws_vpc_endpoint_service.dynamodb","mode":"data","type":"aws_vpc_endpoint_service","name":"dynamodb","provider_name":"registry.terraform.io/hashicorp/aws","schema_version":0,"values":{"acceptance_required":false,"arn":"arn:aws:ec2:ap-southeast-1:705403512590:vpc-endpoint-service/vpce-svc-00e8eb4567d9cf1bc","availability_zones":["ap-southeast-1a","ap-southeast-1b","ap-southeast-1c"],"base_endpoint_dns_names":["dynamodb.ap-southeast-1.amazonaws.com"],"filter":[{"name":"service-type","values":["Gateway"]}],"id":"621205883","manages_vpc_endpoints":false,"owner":"amazon","private_dns_name":"","service":"dynamodb","service_id":"vpce-svc-00e8eb4567d9cf1bc","service_name":"com.amazonaws.ap-southeast-1.dynamodb","service_type":"Gateway","tags":{},"vpc_endpoint_policy_supported":true},"sensitive_values":{"availability_zones":[false,false,false],"base_endpoint_dns_names":[false],"filter":[{"values":[false]}],"tags":{}}}],"child_modules":[{"resources":[{"address":"module.vpc_endpoints[\"dynamodb_vpc1\"].data.aws_vpc_endpoint_service.this","mode":"data","type":"aws_vpc_endpoint_service","name":"this","provider_name":"registry.terraform.io/hashicorp/aws","schema_version":0,"values":{"acceptance_required":false,"arn":"arn:aws:ec2:ap-southeast-1:705403512590:vpc-endpoint-service/vpce-svc-00e8eb4567d9cf1bc","availability_zones":["ap-southeast-1a","ap-southeast-1b","ap-southeast-1c"],"base_endpoint_dns_names":["dynamodb.ap-southeast-1.amazonaws.com"],"filter":[{"name":"service-type","values":["Gateway"]}],"id":"621205883","manages_vpc_endpoints":false,"owner":"amazon","private_dns_name":"","service":"dynamodb","service_id":"vpce-svc-00e8eb4567d9cf1bc","service_name":"com.amazonaws.ap-southeast-1.dynamodb","service_type":"Gateway","tags":{},"vpc_endpoint_policy_supported":true},"sensitive_values":{"availability_zones":[false,false,false],"base_endpoint_dns_names":[false],"filter":[{"values":[false]}],"tags":{}}}],"address":"module.vpc_endpoints[\"dynamodb_vpc1\"]"},{"resources":[{"address":"module.vpc_endpoints[\"s3_vpc1\"].data.aws_vpc_endpoint_service.this","mode":"data","type":"aws_vpc_endpoint_service","name":"this","provider_name":"registry.terraform.io/hashicorp/aws","schema_version":0,"values":{"acceptance_required":false,"arn":"arn:aws:ec2:ap-southeast-1:705403512590:vpc-endpoint-service/vpce-svc-00b20a873d8a7a4bd","availability_zones":["ap-southeast-1a","ap-southeast-1b","ap-southeast-1c"],"base_endpoint_dns_names":["s3.ap-southeast-1.vpce.amazonaws.com"],"filter":[{"name":"service-type","values":["Interface"]}],"id":"2044475267","manages_vpc_endpoints":false,"owner":"amazon","private_dns_name":"","service":"s3","service_id":"vpce-svc-00b20a873d8a7a4bd","service_name":"com.amazonaws.ap-southeast-1.s3","service_type":"Interface","tags":{},"vpc_endpoint_policy_supported":true},"sensitive_values":{"availability_zones":[false,false,false],"base_endpoint_dns_names":[false],"filter":[{"values":[false]}],"tags":{}}}],"address":"module.vpc_endpoints[\"s3_vpc1\"]"}]}}},"configuration":{"provider_config":{"aws":{"name":"aws","expressions":{"profile":{"references":["var.aws_profile"]},"region":{"references":["var.region"]}}},"module.bastion_server:aws":{"name":"aws","version_constraint":"\u003e= 3.24.0","module_address":"module.bastion_server"},"module.key_pair_bastion:aws":{"name":"aws","version_constraint":"\u003e= 2.46.0","module_address":"module.key_pair_bastion"},"module.vpc:aws":{"name":"aws","version_constraint":"\u003e= 3.15.0","module_address":"module.vpc"},"module.vpc_endpoints:aws":{"name":"aws","version_constraint":"\u003e= 3.15.0","module_address":"module.vpc_endpoints"}},"root_module":{"resources":[{"address":"aws_eip.this","mode":"managed","type":"aws_eip","name":"this","provider_config_key":"aws","expressions":{"instance":{"references":["module.bastion_server.id[0]","module.bastion_server.id","module.bastion_server"]},"tags":{"references":["var.app_name","var.env","local.tags"]},"vpc":{"constant_value":true}},"schema_version":0},{"address":"data.aws_security_group.default","mode":"data","type":"aws_security_group","name":"default","provider_config_key":"aws","expressions":{"name":{"constant_value":"default"},"vpc_id":{"references":["module.vpc","each.key"]}},"schema_version":0,"for_each_expression":{"references":["local.vpc_settings"]}},{"address":"data.aws_vpc_endpoint_service.dynamodb","mode":"data","type":"aws_vpc_endpoint_service","name":"dynamodb","provider_config_key":"aws","expressions":{"filter":[{"name":{"constant_value":"service-type"},"values":{"constant_value":["Gateway"]}}],"service":{"constant_value":"dynamodb"}},"schema_version":0}],"module_calls":{"backend_security_group":{"source":"../modules/security_group","expressions":{"app_name":{"references":["var.app_name"]},"env":{"references":["var.env"]},"security_group":{"references":["local.backend_security_group"]},"tags":{"references":["local.tags"]},"vpc_id":{"references":["module.vpc[\"vpc1\"].vpc_id","module.vpc[\"vpc1\"]"]}},"module":{"outputs":{"id":{"expression":{"references":["aws_security_group.this.id","aws_security_group.this"]}}},"resources":[{"address":"aws_security_group.this","mode":"managed","type":"aws_security_group","name":"this","provider_config_key":"backend_security_group:aws","expressions":{"name":{"references":["local.sg_name"]},"tags":{"references":["local.sg_name","var.tags"]},"vpc_id":{"references":["var.vpc_id"]}},"schema_version":1}],"variables":{"app_name":{},"env":{},"security_group":{"default":{}},"tags":{"default":{}},"vpc_id":{"description":"VPC Id where subnet is to be created."}}}},"bastion_security_group":{"source":"../modules/security_group","expressions":{"app_name":{"references":["var.app_name"]},"env":{"references":["var.env"]},"security_group":{"references":["local.bastion_security_group"]},"tags":{"references":["local.tags"]},"vpc_id":{"references":["module.vpc[\"vpc1\"].vpc_id","module.vpc[\"vpc1\"]"]}},"module":{"outputs":{"id":{"expression":{"references":["aws_security_group.this.id","aws_security_group.this"]}}},"resources":[{"address":"aws_security_group.this","mode":"managed","type":"aws_security_group","name":"this","provider_config_key":"bastion_security_group:aws","expressions":{"name":{"references":["local.sg_name"]},"tags":{"references":["local.sg_name","var.tags"]},"vpc_id":{"references":["var.vpc_id"]}},"schema_version":1}],"variables":{"app_name":{},"env":{},"security_group":{"default":{}},"tags":{"default":{}},"vpc_id":{"description":"VPC Id where subnet is to be created."}}}},"bastion_server":{"source":"../modules/ec2","expressions":{"ami":{"constant_value":"ami-0d058fe428540cd89"},"associate_public_ip_address":{"constant_value":true},"enable_volume_tags":{"constant_value":false},"instance_count":{"constant_value":1},"instance_type":{"constant_value":"t3.small"},"key_name":{"references":["module.key_pair_bastion.key_pair_key_name","module.key_pair_bastion"]},"name":{"references":["var.app_name","var.env"]},"private_ips":{"constant_value":["10.169.0.232"]},"root_block_device":{"constant_value":[{"tags":{"Name":"bastion-root-block"},"volume_size":15,"volume_type":"gp2"}]},"subnet_ids":{"references":["module.vpc[\"vpc1\"].public_subnets","module.vpc[\"vpc1\"]"]},"tags":{"references":["local.tags"]},"user_data_base64":{"references":["local.user_data"]},"vpc_security_group_ids":{"references":["module.bastion_security_group.id","module.bastion_security_group"]}},"module":{"outputs":{"arn":{"expression":{"references":["aws_instance.this"]},"description":"List of ARNs of instances"},"availability_zone":{"expression":{"references":["aws_instance.this"]},"description":"List of availability zones of instances"},"credit_specification":{"expression":{"references":["aws_instance.this"]},"description":"List of credit specification of instances"},"ebs_block_device_volume_ids":{"expression":{"references":["aws_instance.this"]},"description":"List of volume IDs of EBS block devices of instances"},"id":{"expression":{"references":["aws_instance.this"]},"description":"List of IDs of instances"},"instance_count":{"expression":{"references":["var.instance_count"]},"description":"Number of instances to launch specified as argument to this module"},"instance_state":{"expression":{"references":["aws_instance.this"]},"description":"List of instance states of instances"},"ipv6_addresses":{"expression":{"references":["aws_instance.this"]},"description":"List of assigned IPv6 addresses of instances"},"key_name":{"expression":{"references":["aws_instance.this"]},"description":"List of key names of instances"},"metadata_options":{"expression":{"references":["aws_instance.this"]},"description":"List of metadata options of instances"},"password_data":{"expression":{"references":["aws_instance.this"]},"description":"List of Base-64 encoded encrypted password data for the instance"},"placement_group":{"expression":{"references":["aws_instance.this"]},"description":"List of placement groups of instances"},"primary_network_interface_id":{"expression":{"references":["aws_instance.this"]},"description":"List of IDs of the primary network interface of instances"},"private_dns":{"expression":{"references":["aws_instance.this"]},"description":"List of private DNS names assigned to the instances. Can only be used inside the Amazon EC2, and only available if you've enabled DNS hostnames for your VPC"},"private_ip":{"expression":{"references":["aws_instance.this"]},"description":"List of private IP addresses assigned to the instances"},"public_dns":{"expression":{"references":["aws_instance.this"]},"description":"List of public DNS names assigned to the instances. For EC2-VPC, this is only available if you've enabled DNS hostnames for your VPC"},"public_ip":{"expression":{"references":["aws_instance.this"]},"description":"List of public IP addresses assigned to the instances, if applicable"},"root_block_device_volume_ids":{"expression":{"references":["aws_instance.this"]},"description":"List of volume IDs of root block devices of instances"},"security_groups":{"expression":{"references":["aws_instance.this"]},"description":"List of associated security groups of instances"},"subnet_id":{"expression":{"references":["aws_instance.this"]},"description":"List of IDs of VPC subnets of instances"},"tags":{"expression":{"references":["aws_instance.this"]},"description":"List of tags of instances"},"volume_tags":{"expression":{"references":["aws_instance.this"]},"description":"List of tags of volumes of instances"},"vpc_security_group_ids":{"expression":{"references":["aws_instance.this"]},"description":"List of associated security groups of instances, if running in non-default VPC"}},"resources":[{"address":"aws_instance.this","mode":"managed","type":"aws_instance","name":"this","provider_config_key":"bastion_server:aws","expressions":{"ami":{"references":["var.ami"]},"associate_public_ip_address":{"references":["var.associate_public_ip_address"]},"credit_specification":[{"cpu_credits":{"references":["local.is_t_instance_type","var.cpu_credits"]}}],"disable_api_termination":{"references":["var.disable_api_termination"]},"ebs_optimized":{"references":["var.ebs_optimized"]},"get_password_data":{"references":["var.get_password_data"]},"iam_instance_profile":{"references":["var.iam_instance_profile"]},"instance_initiated_shutdown_behavior":{"references":["var.instance_initiated_shutdown_behavior"]},"instance_type":{"references":["var.instance_type"]},"ipv6_address_count":{"references":["var.ipv6_address_count"]},"ipv6_addresses":{"references":["var.ipv6_addresses"]},"key_name":{"references":["var.key_name"]},"monitoring":{"references":["var.monitoring"]},"placement_group":{"references":["var.placement_group"]},"private_ip":{"references":["var.private_ips","var.private_ips","count.index","var.private_ip"]},"source_dest_check":{"references":["var.network_interface","var.source_dest_check"]},"subnet_id":{"references":["var.network_interface","var.subnet_id","var.subnet_ids","count.index"]},"tags":{"references":["var.instance_count","var.use_num_suffix","var.num_suffix_format","var.name","count.index","var.name","var.tags"]},"tenancy":{"references":["var.tenancy"]},"user_data":{"references":["var.user_data"]},"user_data_base64":{"references":["var.user_data_base64"]},"volume_tags":{"references":["var.enable_volume_tags","var.instance_count","var.use_num_suffix","var.num_suffix_format","var.name","count.index","var.name","var.volume_tags"]},"vpc_security_group_ids":{"references":["var.vpc_security_group_ids"]}},"schema_version":1,"count_expression":{"references":["var.instance_count"]}}],"variables":{"ami":{"description":"ID of AMI to use for the instance"},"associate_public_ip_address":{"default":null,"description":"If true, the EC2 instance will have associated public IP address"},"cpu_credits":{"default":"standard","description":"The credit option for CPU usage (unlimited or standard)"},"disable_api_termination":{"default":false,"description":"If true, enables EC2 Instance Termination Protection"},"ebs_block_device":{"default":[],"description":"Additional EBS block devices to attach to the instance"},"ebs_optimized":{"default":false,"description":"If true, the launched EC2 instance will be EBS-optimized"},"enable_volume_tags":{"default":true,"description":"Whether to enable volume tags (if enabled it conflicts with root_block_device tags)"},"ephemeral_block_device":{"default":[],"description":"Customize Ephemeral (also known as Instance Store) volumes on the instance"},"get_password_data":{"default":false,"description":"If true, wait for password data to become available and retrieve it."},"iam_instance_profile":{"default":"","description":"The IAM Instance Profile to launch the instance with. Specified as the name of the Instance Profile."},"instance_count":{"default":1,"description":"Number of instances to launch"},"instance_initiated_shutdown_behavior":{"default":"","description":"Shutdown behavior for the instance"},"instance_type":{"description":"The type of instance to start"},"ipv6_address_count":{"default":null,"description":"A number of IPv6 addresses to associate with the primary network interface. Amazon EC2 chooses the IPv6 addresses from the range of your subnet."},"ipv6_addresses":{"default":null,"description":"Specify one or more IPv6 addresses from the range of the subnet to associate with the primary network interface"},"key_name":{"default":"","description":"The key name to use for the instance"},"metadata_options":{"default":{},"description":"Customize the metadata options of the instance"},"monitoring":{"default":false,"description":"If true, the launched EC2 instance will have detailed monitoring enabled"},"name":{"description":"Name to be used on all resources as prefix"},"network_interface":{"default":[],"description":"Customize network interfaces to be attached at instance boot time"},"num_suffix_format":{"default":"-%d","description":"Numerical suffix format used as the volume and EC2 instance name suffix"},"placement_group":{"default":"","description":"The Placement Group to start the instance in"},"private_ip":{"default":null,"description":"Private IP address to associate with the instance in a VPC"},"private_ips":{"default":[],"description":"A list of private IP address to associate with the instance in a VPC. Should match the number of instances."},"root_block_device":{"default":[],"description":"Customize details about the root block device of the instance. See Block Devices below for details"},"source_dest_check":{"default":true,"description":"Controls if traffic is routed to the instance when the destination address does not match the instance. Used for NAT or VPNs."},"subnet_id":{"default":"","description":"The VPC Subnet ID to launch in"},"subnet_ids":{"default":[],"description":"A list of VPC Subnet IDs to launch in"},"tags":{"default":{},"description":"A mapping of tags to assign to the resource"},"tenancy":{"default":"default","description":"The tenancy of the instance (if the instance is running in a VPC). Available values: default, dedicated, host."},"use_num_suffix":{"default":false,"description":"Always append numerical suffix to instance name, even if instance_count is 1"},"user_data":{"default":null,"description":"The user data to provide when launching the instance. Do not pass gzip-compressed data via this argument; see user_data_base64 instead."},"user_data_base64":{"default":null,"description":"Can be used instead of user_data to pass base64-encoded binary data directly. Use this instead of user_data whenever the value is not a valid UTF-8 string. For example, gzip-encoded user data must be base64-encoded and passed via this argument to avoid corruption."},"volume_tags":{"default":{},"description":"A mapping of tags to assign to the devices created by the instance at launch time"},"vpc_security_group_ids":{"default":null,"description":"A list of security group IDs to associate with"}}}},"frontend_security_group":{"source":"../modules/security_group","expressions":{"app_name":{"references":["var.app_name"]},"env":{"references":["var.env"]},"security_group":{"references":["local.frontend_security_group"]},"tags":{"references":["local.tags"]},"vpc_id":{"references":["module.vpc[\"vpc1\"].vpc_id","module.vpc[\"vpc1\"]"]}},"module":{"outputs":{"id":{"expression":{"references":["aws_security_group.this.id","aws_security_group.this"]}}},"resources":[{"address":"aws_security_group.this","mode":"managed","type":"aws_security_group","name":"this","provider_config_key":"frontend_security_group:aws","expressions":{"name":{"references":["local.sg_name"]},"tags":{"references":["local.sg_name","var.tags"]},"vpc_id":{"references":["var.vpc_id"]}},"schema_version":1}],"variables":{"app_name":{},"env":{},"security_group":{"default":{}},"tags":{"default":{}},"vpc_id":{"description":"VPC Id where subnet is to be created."}}}},"key_pair_bastion":{"source":"../modules/ec2-key-pair","expressions":{"key_name":{"references":["var.app_name","var.env"]},"public_key":{"constant_value":"ssh-rsa AAAAB3NzaC1yc2EAAAADAQABAAABgQDPOpgWA1Us+DwkR1m/HCVXTAnQrdUKijskLoELPfptkbX2VkDTppIIROl9tg7fM2r2+6GRJESlnsYOloiygGKZv8nUlkMeTDxbGroB0CvhdjtkrTSv+1RzWYomEzc+ZBrBwO+8cKVorVIRKuUzErfJ5RbVe91f+GKMkMExpR43yhrZbmcaKgBzcI9mxaCeOMtPjSYAAMOysjycL1XXZrD0JKwWODNGOToA/uWghiFPViDS4XshfrniRYS/TIN8pZeVtIaQCDEGYMCsrL2+wh3Ole/U9S1xvFv3QqRlyNGGVA8UTzxPD4vgkBkJD7yK1gey5GhOpl5qjRr5llmCdEQ1n7zgunwBvlfjo06wapMLXq1nxJNKhMsiW91gIgUYvcgRyiDyVlOw3Afn1ctOq8SOfhqxlTcBBOzwsO23T23Cxm6Yw+pRvgS5vNpveCfuUVsD6RVjj8nhIkjgOk+HMebeX/KfNGvnvxj29hz4M7wxWYHovUX7rFmvN/blQs5fx4E= app_coinswitch"},"tags":{"references":["local.tags"]}},"module":{"outputs":{"key_pair_fingerprint":{"expression":{"references":["aws_key_pair.this"]},"description":"The MD5 public key fingerprint as specified in section 4 of RFC 4716."},"key_pair_key_name":{"expression":{"references":["aws_key_pair.this"]},"description":"The key pair name."},"key_pair_key_pair_id":{"expression":{"references":["aws_key_pair.this"]},"description":"The key pair ID."}},"resources":[{"address":"aws_key_pair.this","mode":"managed","type":"aws_key_pair","name":"this","provider_config_key":"key_pair_bastion:aws","expressions":{"key_name":{"references":["var.key_name"]},"key_name_prefix":{"references":["var.key_name_prefix"]},"public_key":{"references":["var.public_key"]},"tags":{"references":["var.tags"]}},"schema_version":1,"count_expression":{"references":["var.create_key_pair"]}}],"variables":{"create_key_pair":{"default":true,"description":"Controls if key pair should be created"},"key_name":{"default":null,"description":"The name for the key pair."},"key_name_prefix":{"default":null,"description":"Creates a unique name beginning with the specified prefix. Conflicts with key_name."},"public_key":{"default":"","description":"The public key material."},"tags":{"default":{},"description":"A map of tags to add to key pair resource."}}}},"lambda_security_group":{"source":"../modules/security_group","expressions":{"app_name":{"references":["var.app_name"]},"env":{"references":["var.env"]},"security_group":{"references":["local.lambda_security_group"]},"tags":{"references":["local.tags"]},"vpc_id":{"references":["module.vpc[\"vpc1\"].vpc_id","module.vpc[\"vpc1\"]"]}},"module":{"outputs":{"id":{"expression":{"references":["aws_security_group.this.id","aws_security_group.this"]}}},"resources":[{"address":"aws_security_group.this","mode":"managed","type":"aws_security_group","name":"this","provider_config_key":"lambda_security_group:aws","expressions":{"name":{"references":["local.sg_name"]},"tags":{"references":["local.sg_name","var.tags"]},"vpc_id":{"references":["var.vpc_id"]}},"schema_version":1}],"variables":{"app_name":{},"env":{},"security_group":{"default":{}},"tags":{"default":{}},"vpc_id":{"description":"VPC Id where subnet is to be created."}}}},"vpc":{"source":"../modules/vpc","expressions":{"app_name":{"references":["var.app_name"]},"azs":{"references":["each.value"]},"cidr":{"references":["each.value"]},"create_database_subnet_group":{"references":["each.value"]},"create_database_subnet_route_table":{"references":["each.value"]},"database_dedicated_network_acl":{"references":["each.value"]},"database_inbound_acl_rules":{"references":["each.value"]},"database_subnet_tags":{"references":["each.value"]},"database_subnets":{"references":["each.value"]},"enable_dns_hostnames":{"constant_value":true},"enable_dns_support":{"constant_value":true},"enable_nat_gateway":{"references":["each.value"]},"env":{"references":["var.env"]},"manage_default_route_table":{"references":["each.value"]},"name":{"references":["each.value"]},"private_dedicated_network_acl":{"references":["each.value"]},"private_inbound_acl_rules":{"references":["each.value"]},"private_subnet_tags":{"references":["each.value"]},"private_subnets":{"references":["each.value"]},"public_subnet_tags":{"references":["each.value"]},"public_subnets":{"references":["each.value"]},"single_nat_gateway":{"references":["each.value"]},"tags":{"references":["local.tags"]},"vpc_tags":{"references":["each.value"]}},"for_each_expression":{"references":["local.vpc_settings"]},"module":{"outputs":{"database_subnets":{"expression":{"references":["aws_subnet.database"]},"description":"List of IDs of dtaabase subnets"},"default_route_table_id":{"expression":{"references":["aws_vpc.this"]},"description":"The ID of the default route table"},"default_security_group_id":{"expression":{"references":["aws_vpc.this"]},"description":"The ID of the security group created by default on VPC creation"},"private_route_table_ids":{"expression":{"references":["aws_route_table.private"]},"description":"List of IDs of private route tables"},"private_subnets":{"expression":{"references":["aws_subnet.private"]},"description":"List of IDs of private subnets"},"public_route_table_ids":{"expression":{"references":["aws_route_table.public"]},"description":"List of IDs of public route tables"},"public_subnets":{"expression":{"references":["aws_subnet.public"]},"description":"List of IDs of public subnets"},"vpc_id":{"expression":{"references":["aws_vpc.this"]},"description":"The ID of the VPC"}},"resources":[{"address":"aws_db_subnet_group.database","mode":"managed","type":"aws_db_subnet_group","name":"database","provider_config_key":"vpc:aws","expressions":{"description":{"references":["var.app_name"]},"name":{"references":["var.app_name"]},"subnet_ids":{"references":["aws_subnet.database"]},"tags":{"references":["var.app_name","var.env","local.tags","var.database_subnet_group_tags"]}},"schema_version":0,"count_expression":{"references":["var.create_vpc","var.database_subnets","var.create_database_subnet_group"]}},{"address":"aws_default_network_acl.this","mode":"managed","type":"aws_default_network_acl","name":"this","provider_config_key":"vpc:aws","expressions":{"default_network_acl_id":{"references":["aws_vpc.this"]},"subnet_ids":{"references":["aws_subnet.public","aws_subnet.private","aws_subnet.database","aws_network_acl.public","aws_network_acl.private","aws_network_acl.database"]},"tags":{"references":["var.app_name","var.env","var.default_network_acl_name","local.tags","var.default_network_acl_tags"]}},"schema_version":0,"count_expression":{"references":["var.create_vpc","var.manage_default_network_acl"]}},{"address":"aws_default_route_table.default","mode":"managed","type":"aws_default_route_table","name":"default","provider_config_key":"vpc:aws","expressions":{"default_route_table_id":{"references":["aws_vpc.this[0].default_route_table_id","aws_vpc.this[0]","aws_vpc.this"]},"propagating_vgws":{"references":["var.default_route_table_propagating_vgws"]},"tags":{"references":["var.app_name","var.env","local.tags","var.default_route_table_tags"]}},"schema_version":0,"count_expression":{"references":["var.create_vpc","var.manage_default_route_table"]}},{"address":"aws_default_security_group.this","mode":"managed","type":"aws_default_security_group","name":"this","provider_config_key":"vpc:aws","expressions":{"tags":{"references":["var.app_name","var.env","var.default_security_group_name","local.tags","var.default_security_group_tags"]},"vpc_id":{"references":["aws_vpc.this[0].id","aws_vpc.this[0]","aws_vpc.this"]}},"schema_version":1,"count_expression":{"references":["var.create_vpc","var.manage_default_security_group"]}},{"address":"aws_default_vpc.this","mode":"managed","type":"aws_default_vpc","name":"this","provider_config_key":"vpc:aws","expressions":{"enable_classiclink":{"references":["var.default_vpc_enable_classiclink"]},"enable_dns_hostnames":{"references":["var.default_vpc_enable_dns_hostnames"]},"enable_dns_support":{"references":["var.default_vpc_enable_dns_support"]},"tags":{"references":["var.default_vpc_name","var.env","local.tags","var.default_vpc_tags"]}},"schema_version":1,"count_expression":{"references":["var.manage_default_vpc"]}},{"address":"aws_egress_only_internet_gateway.this","mode":"managed","type":"aws_egress_only_internet_gateway","name":"this","provider_config_key":"vpc:aws","expressions":{"tags":{"references":["var.app_name","var.env","local.tags","var.igw_tags"]},"vpc_id":{"references":["local.vpc_id"]}},"schema_version":0,"count_expression":{"references":["var.create_vpc","var.create_egress_only_igw","var.enable_ipv6","local.max_subnet_length"]}},{"address":"aws_eip.nat","mode":"managed","type":"aws_eip","name":"nat","provider_config_key":"vpc:aws","expressions":{"tags":{"references":["var.app_name","var.env","var.azs","var.single_nat_gateway","count.index","local.tags","var.nat_eip_tags"]},"vpc":{"constant_value":true}},"schema_version":0,"count_expression":{"references":["var.create_vpc","var.enable_nat_gateway","var.reuse_nat_ips","local.nat_gateway_count"]}},{"address":"aws_internet_gateway.this","mode":"managed","type":"aws_internet_gateway","name":"this","provider_config_key":"vpc:aws","expressions":{"tags":{"references":["var.app_name","var.env","local.tags","var.igw_tags"]},"vpc_id":{"references":["local.vpc_id"]}},"schema_version":0,"count_expression":{"references":["var.create_vpc","var.create_igw","var.public_subnets"]}},{"address":"aws_nat_gateway.this","mode":"managed","type":"aws_nat_gateway","name":"this","provider_config_key":"vpc:aws","expressions":{"allocation_id":{"references":["local.nat_gateway_ips","var.single_nat_gateway","count.index"]},"subnet_id":{"references":["aws_subnet.public","var.single_nat_gateway","count.index"]},"tags":{"references":["var.app_name","var.env","var.azs","var.single_nat_gateway","count.index","local.tags","var.nat_gateway_tags"]}},"schema_version":0,"count_expression":{"references":["var.create_vpc","var.enable_nat_gateway","local.nat_gateway_count"]},"depends_on":["aws_internet_gateway.this"]},{"address":"aws_network_acl.database","mode":"managed","type":"aws_network_acl","name":"database","provider_config_key":"vpc:aws","expressions":{"subnet_ids":{"references":["aws_subnet.database"]},"tags":{"references":["var.database_subnet_suffix","var.app_name","var.env","local.tags","var.database_acl_tags"]},"vpc_id":{"references":["aws_vpc.this"]}},"schema_version":0,"count_expression":{"references":["var.create_vpc","var.database_dedicated_network_acl","var.database_subnets"]}},{"address":"aws_network_acl.private","mode":"managed","type":"aws_network_acl","name":"private","provider_config_key":"vpc:aws","expressions":{"subnet_ids":{"references":["aws_subnet.private"]},"tags":{"references":["var.private_subnet_suffix","var.app_name","var.env","local.tags","var.private_acl_tags"]},"vpc_id":{"references":["aws_vpc.this"]}},"schema_version":0,"count_expression":{"references":["var.create_vpc","var.private_dedicated_network_acl","var.private_subnets"]}},{"address":"aws_network_acl.public","mode":"managed","type":"aws_network_acl","name":"public","provider_config_key":"vpc:aws","expressions":{"subnet_ids":{"references":["aws_subnet.public"]},"tags":{"references":["var.public_subnet_suffix","var.app_name","var.env","local.tags","var.public_acl_tags"]},"vpc_id":{"references":["aws_vpc.this"]}},"schema_version":0,"count_expression":{"references":["var.create_vpc","var.public_dedicated_network_acl","var.public_subnets"]}},{"address":"aws_network_acl_rule.database_inbound","mode":"managed","type":"aws_network_acl_rule","name":"database_inbound","provider_config_key":"vpc:aws","expressions":{"cidr_block":{"references":["var.database_inbound_acl_rules","count.index"]},"egress":{"constant_value":false},"from_port":{"references":["var.database_inbound_acl_rules","count.index"]},"icmp_code":{"references":["var.database_inbound_acl_rules","count.index"]},"icmp_type":{"references":["var.database_inbound_acl_rules","count.index"]},"ipv6_cidr_block":{"references":["var.database_inbound_acl_rules","count.index"]},"network_acl_id":{"references":["aws_network_acl.database[0].id","aws_network_acl.database[0]","aws_network_acl.database"]},"protocol":{"references":["var.database_inbound_acl_rules","count.index"]},"rule_action":{"references":["var.database_inbound_acl_rules","count.index"]},"rule_number":{"references":["var.database_inbound_acl_rules","count.index"]},"to_port":{"references":["var.database_inbound_acl_rules","count.index"]}},"schema_version":0,"count_expression":{"references":["var.create_vpc","var.database_dedicated_network_acl","var.database_subnets","var.database_inbound_acl_rules"]}},{"address":"aws_network_acl_rule.database_outbound","mode":"managed","type":"aws_network_acl_rule","name":"database_outbound","provider_config_key":"vpc:aws","expressions":{"cidr_block":{"references":["var.database_outbound_acl_rules","count.index"]},"egress":{"constant_value":true},"from_port":{"references":["var.database_outbound_acl_rules","count.index"]},"icmp_code":{"references":["var.database_outbound_acl_rules","count.index"]},"icmp_type":{"references":["var.database_outbound_acl_rules","count.index"]},"ipv6_cidr_block":{"references":["var.database_outbound_acl_rules","count.index"]},"network_acl_id":{"references":["aws_network_acl.database[0].id","aws_network_acl.database[0]","aws_network_acl.database"]},"protocol":{"references":["var.database_outbound_acl_rules","count.index"]},"rule_action":{"references":["var.database_outbound_acl_rules","count.index"]},"rule_number":{"references":["var.database_outbound_acl_rules","count.index"]},"to_port":{"references":["var.database_outbound_acl_rules","count.index"]}},"schema_version":0,"count_expression":{"references":["var.create_vpc","var.database_dedicated_network_acl","var.database_subnets","var.database_outbound_acl_rules"]}},{"address":"aws_network_acl_rule.private_inbound","mode":"managed","type":"aws_network_acl_rule","name":"private_inbound","provider_config_key":"vpc:aws","expressions":{"cidr_block":{"references":["var.private_inbound_acl_rules","count.index"]},"egress":{"constant_value":false},"from_port":{"references":["var.private_inbound_acl_rules","count.index"]},"icmp_code":{"references":["var.private_inbound_acl_rules","count.index"]},"icmp_type":{"references":["var.private_inbound_acl_rules","count.index"]},"ipv6_cidr_block":{"references":["var.private_inbound_acl_rules","count.index"]},"network_acl_id":{"references":["aws_network_acl.private[0].id","aws_network_acl.private[0]","aws_network_acl.private"]},"protocol":{"references":["var.private_inbound_acl_rules","count.index"]},"rule_action":{"references":["var.private_inbound_acl_rules","count.index"]},"rule_number":{"references":["var.private_inbound_acl_rules","count.index"]},"to_port":{"references":["var.private_inbound_acl_rules","count.index"]}},"schema_version":0,"count_expression":{"references":["var.create_vpc","var.private_dedicated_network_acl","var.private_subnets","var.private_inbound_acl_rules"]}},{"address":"aws_network_acl_rule.private_outbound","mode":"managed","type":"aws_network_acl_rule","name":"private_outbound","provider_config_key":"vpc:aws","expressions":{"cidr_block":{"references":["var.private_outbound_acl_rules","count.index"]},"egress":{"constant_value":true},"from_port":{"references":["var.private_outbound_acl_rules","count.index"]},"icmp_code":{"references":["var.private_outbound_acl_rules","count.index"]},"icmp_type":{"references":["var.private_outbound_acl_rules","count.index"]},"ipv6_cidr_block":{"references":["var.private_outbound_acl_rules","count.index"]},"network_acl_id":{"references":["aws_network_acl.private[0].id","aws_network_acl.private[0]","aws_network_acl.private"]},"protocol":{"references":["var.private_outbound_acl_rules","count.index"]},"rule_action":{"references":["var.private_outbound_acl_rules","count.index"]},"rule_number":{"references":["var.private_outbound_acl_rules","count.index"]},"to_port":{"references":["var.private_outbound_acl_rules","count.index"]}},"schema_version":0,"count_expression":{"references":["var.create_vpc","var.private_dedicated_network_acl","var.private_subnets","var.private_outbound_acl_rules"]}},{"address":"aws_network_acl_rule.public_inbound","mode":"managed","type":"aws_network_acl_rule","name":"public_inbound","provider_config_key":"vpc:aws","expressions":{"cidr_block":{"references":["var.public_inbound_acl_rules","count.index"]},"egress":{"constant_value":false},"from_port":{"references":["var.public_inbound_acl_rules","count.index"]},"icmp_code":{"references":["var.public_inbound_acl_rules","count.index"]},"icmp_type":{"references":["var.public_inbound_acl_rules","count.index"]},"ipv6_cidr_block":{"references":["var.public_inbound_acl_rules","count.index"]},"network_acl_id":{"references":["aws_network_acl.public[0].id","aws_network_acl.public[0]","aws_network_acl.public"]},"protocol":{"references":["var.public_inbound_acl_rules","count.index"]},"rule_action":{"references":["var.public_inbound_acl_rules","count.index"]},"rule_number":{"references":["var.public_inbound_acl_rules","count.index"]},"to_port":{"references":["var.public_inbound_acl_rules","count.index"]}},"schema_version":0,"count_expression":{"references":["var.create_vpc","var.public_dedicated_network_acl","var.public_subnets","var.public_inbound_acl_rules"]}},{"address":"aws_network_acl_rule.public_outbound","mode":"managed","type":"aws_network_acl_rule","name":"public_outbound","provider_config_key":"vpc:aws","expressions":{"cidr_block":{"references":["var.public_outbound_acl_rules","count.index"]},"egress":{"constant_value":true},"from_port":{"references":["var.public_outbound_acl_rules","count.index"]},"icmp_code":{"references":["var.public_outbound_acl_rules","count.index"]},"icmp_type":{"references":["var.public_outbound_acl_rules","count.index"]},"ipv6_cidr_block":{"references":["var.public_outbound_acl_rules","count.index"]},"network_acl_id":{"references":["aws_network_acl.public[0].id","aws_network_acl.public[0]","aws_network_acl.public"]},"protocol":{"references":["var.public_outbound_acl_rules","count.index"]},"rule_action":{"references":["var.public_outbound_acl_rules","count.index"]},"rule_number":{"references":["var.public_outbound_acl_rules","count.index"]},"to_port":{"references":["var.public_outbound_acl_rules","count.index"]}},"schema_version":0,"count_expression":{"references":["var.create_vpc","var.public_dedicated_network_acl","var.public_subnets","var.public_outbound_acl_rules"]}},{"address":"aws_route.database_internet_gateway","mode":"managed","type":"aws_route","name":"database_internet_gateway","provider_config_key":"vpc:aws","expressions":{"destination_cidr_block":{"constant_value":"0.0.0.0/0"},"gateway_id":{"references":["aws_internet_gateway.this[0].id","aws_internet_gateway.this[0]","aws_internet_gateway.this"]},"route_table_id":{"references":["aws_route_table.database[0].id","aws_route_table.database[0]","aws_route_table.database"]},"timeouts":{"create":{"constant_value":"5m"}}},"schema_version":0,"count_expression":{"references":["var.create_vpc","var.create_igw","var.create_database_subnet_route_table","var.database_subnets","var.create_database_internet_gateway_route","var.create_database_nat_gateway_route"]}},{"address":"aws_route.database_ipv6_egress","mode":"managed","type":"aws_route","name":"database_ipv6_egress","provider_config_key":"vpc:aws","expressions":{"destination_ipv6_cidr_block":{"constant_value":"::/0"},"egress_only_gateway_id":{"references":["aws_egress_only_internet_gateway.this[0].id","aws_egress_only_internet_gateway.this[0]","aws_egress_only_internet_gateway.this"]},"route_table_id":{"references":["aws_route_table.database[0].id","aws_route_table.database[0]","aws_route_table.database"]},"timeouts":{"create":{"constant_value":"5m"}}},"schema_version":0,"count_expression":{"references":["var.create_vpc","var.create_egress_only_igw","var.enable_ipv6","var.create_database_subnet_route_table","var.database_subnets","var.create_database_internet_gateway_route"]}},{"address":"aws_route.database_nat_gateway","mode":"managed","type":"aws_route","name":"database_nat_gateway","provider_config_key":"vpc:aws","expressions":{"destination_cidr_block":{"constant_value":"0.0.0.0/0"},"nat_gateway_id":{"references":["aws_nat_gateway.this","count.index"]},"route_table_id":{"references":["aws_route_table.database","count.index"]},"timeouts":{"create":{"constant_value":"5m"}}},"schema_version":0,"count_expression":{"references":["var.create_vpc","var.create_database_subnet_route_table","var.database_subnets","var.create_database_internet_gateway_route","var.create_database_nat_gateway_route","var.enable_nat_gateway","var.single_nat_gateway","var.database_subnets"]}},{"address":"aws_route.private_ipv6_egress","mode":"managed","type":"aws_route","name":"private_ipv6_egress","provider_config_key":"vpc:aws","expressions":{"destination_ipv6_cidr_block":{"constant_value":"::/0"},"egress_only_gateway_id":{"references":["aws_egress_only_internet_gateway.this"]},"route_table_id":{"references":["aws_route_table.private","count.index"]}},"schema_version":0,"count_expression":{"references":["var.create_vpc","var.create_egress_only_igw","var.enable_ipv6","var.private_subnets"]}},{"address":"aws_route.private_nat_gateway","mode":"managed","type":"aws_route","name":"private_nat_gateway","provider_config_key":"vpc:aws","expressions":{"destination_cidr_block":{"constant_value":"0.0.0.0/0"},"nat_gateway_id":{"references":["aws_nat_gateway.this","count.index"]},"route_table_id":{"references":["aws_route_table.private","count.index"]},"timeouts":{"create":{"constant_value":"5m"}}},"schema_version":0,"count_expression":{"references":["var.create_vpc","var.enable_nat_gateway","local.nat_gateway_count"]}},{"address":"aws_route.public_internet_gateway","mode":"managed","type":"aws_route","name":"public_internet_gateway","provider_config_key":"vpc:aws","expressions":{"destination_cidr_block":{"constant_value":"0.0.0.0/0"},"gateway_id":{"references":["aws_internet_gateway.this[0].id","aws_internet_gateway.this[0]","aws_internet_gateway.this"]},"route_table_id":{"references":["aws_route_table.public[0].id","aws_route_table.public[0]","aws_route_table.public"]},"timeouts":{"create":{"constant_value":"5m"}}},"schema_version":0,"count_expression":{"references":["var.create_vpc","var.create_igw","var.public_subnets"]}},{"address":"aws_route.public_internet_gateway_ipv6","mode":"managed","type":"aws_route","name":"public_internet_gateway_ipv6","provider_config_key":"vpc:aws","expressions":{"destination_ipv6_cidr_block":{"constant_value":"::/0"},"gateway_id":{"references":["aws_internet_gateway.this[0].id","aws_internet_gateway.this[0]","aws_internet_gateway.this"]},"route_table_id":{"references":["aws_route_table.public[0].id","aws_route_table.public[0]","aws_route_table.public"]}},"schema_version":0,"count_expression":{"references":["var.create_vpc","var.create_igw","var.enable_ipv6","var.public_subnets"]}},{"address":"aws_route_table.database","mode":"managed","type":"aws_route_table","name":"database","provider_config_key":"vpc:aws","expressions":{"tags":{"references":["var.single_nat_gateway","var.create_database_internet_gateway_route","var.database_subnet_suffix","var.app_name","var.env","var.database_subnet_suffix","var.app_name","var.env","var.azs","count.index","local.tags","var.database_route_table_tags"]},"vpc_id":{"references":["local.vpc_id"]}},"schema_version":0,"count_expression":{"references":["var.create_vpc","var.create_database_subnet_route_table","var.database_subnets","var.single_nat_gateway","var.create_database_internet_gateway_route","var.database_subnets"]}},{"address":"aws_route_table.private","mode":"managed","type":"aws_route_table","name":"private","provider_config_key":"vpc:aws","expressions":{"tags":{"references":["var.single_nat_gateway","var.private_subnet_suffix","var.app_name","var.env","var.private_subnet_suffix","var.app_name","var.env","var.azs","count.index","local.tags","var.private_route_table_tags"]},"vpc_id":{"references":["local.vpc_id"]}},"schema_version":0,"count_expression":{"references":["var.create_vpc","local.max_subnet_length","local.nat_gateway_count"]}},{"address":"aws_route_table.public","mode":"managed","type":"aws_route_table","name":"public","provider_config_key":"vpc:aws","expressions":{"tags":{"references":["var.public_subnet_suffix","var.app_name","var.env","local.tags","var.public_route_table_tags"]},"vpc_id":{"references":["local.vpc_id"]}},"schema_version":0,"count_expression":{"references":["var.create_vpc","var.public_subnets"]}},{"address":"aws_route_table_association.database","mode":"managed","type":"aws_route_table_association","name":"database","provider_config_key":"vpc:aws","expressions":{"route_table_id":{"references":["aws_route_table.database","aws_route_table.private","var.create_database_subnet_route_table","var.single_nat_gateway","var.create_database_internet_gateway_route","count.index","count.index"]},"subnet_id":{"references":["aws_subnet.database","count.index"]}},"schema_version":0,"count_expression":{"references":["var.create_vpc","var.database_subnets","var.database_subnets"]}},{"address":"aws_route_table_association.private","mode":"managed","type":"aws_route_table_association","name":"private","provider_config_key":"vpc:aws","expressions":{"route_table_id":{"references":["aws_route_table.private","var.single_nat_gateway","count.index"]},"subnet_id":{"references":["aws_subnet.private","count.index"]}},"schema_version":0,"count_expression":{"references":["var.create_vpc","var.private_subnets","var.private_subnets"]}},{"address":"aws_route_table_association.public","mode":"managed","type":"aws_route_table_association","name":"public","provider_config_key":"vpc:aws","expressions":{"route_table_id":{"references":["aws_route_table.public[0].id","aws_route_table.public[0]","aws_route_table.public"]},"subnet_id":{"references":["aws_subnet.public","count.index"]}},"schema_version":0,"count_expression":{"references":["var.create_vpc","var.public_subnets","var.public_subnets"]}},{"address":"aws_subnet.database","mode":"managed","type":"aws_subnet","name":"database","provider_config_key":"vpc:aws","expressions":{"assign_ipv6_address_on_creation":{"references":["var.database_subnet_assign_ipv6_address_on_creation","var.assign_ipv6_address_on_creation","var.database_subnet_assign_ipv6_address_on_creation"]},"availability_zone":{"references":["var.azs","count.index","var.azs","count.index"]},"availability_zone_id":{"references":["var.azs","count.index","var.azs","count.index"]},"cidr_block":{"references":["var.database_subnets","count.index"]},"ipv6_cidr_block":{"references":["var.enable_ipv6","var.database_subnet_ipv6_prefixes","aws_vpc.this[0].ipv6_cidr_block","aws_vpc.this[0]","aws_vpc.this","var.database_subnet_ipv6_prefixes","count.index"]},"tags":{"references":["var.database_subnet_suffix","var.env","var.app_name","count.index","local.tags","var.database_subnet_tags"]},"vpc_id":{"references":["local.vpc_id"]}},"schema_version":1,"count_expression":{"references":["var.create_vpc","var.database_subnets","var.database_subnets"]}},{"address":"aws_subnet.private","mode":"managed","type":"aws_subnet","name":"private","provider_config_key":"vpc:aws","expressions":{"assign_ipv6_address_on_creation":{"references":["var.private_subnet_assign_ipv6_address_on_creation","var.assign_ipv6_address_on_creation","var.private_subnet_assign_ipv6_address_on_creation"]},"availability_zone":{"references":["var.azs","count.index","var.azs","count.index"]},"availability_zone_id":{"references":["var.azs","count.index","var.azs","count.index"]},"cidr_block":{"references":["var.private_subnets","count.index"]},"ipv6_cidr_block":{"references":["var.enable_ipv6","var.private_subnet_ipv6_prefixes","aws_vpc.this[0].ipv6_cidr_block","aws_vpc.this[0]","aws_vpc.this","var.private_subnet_ipv6_prefixes","count.index"]},"tags":{"references":["var.private_subnet_suffix","var.env","var.app_name","count.index","local.tags","var.private_subnet_tags"]},"vpc_id":{"references":["local.vpc_id"]}},"schema_version":1,"count_expression":{"references":["var.create_vpc","var.private_subnets","var.private_subnets"]}},{"address":"aws_subnet.public","mode":"managed","type":"aws_subnet","name":"public","provider_config_key":"vpc:aws","expressions":{"assign_ipv6_address_on_creation":{"references":["var.public_subnet_assign_ipv6_address_on_creation","var.assign_ipv6_address_on_creation","var.public_subnet_assign_ipv6_address_on_creation"]},"availability_zone":{"references":["var.azs","count.index","var.azs","count.index"]},"availability_zone_id":{"references":["var.azs","count.index","var.azs","count.index"]},"cidr_block":{"references":["var.public_subnets","count.index"]},"ipv6_cidr_block":{"references":["var.enable_ipv6","var.public_subnet_ipv6_prefixes","aws_vpc.this[0].ipv6_cidr_block","aws_vpc.this[0]","aws_vpc.this","var.public_subnet_ipv6_prefixes","count.index"]},"map_public_ip_on_launch":{"references":["var.map_public_ip_on_launch"]},"tags":{"references":["var.public_subnet_suffix","var.env","var.app_name","count.index","local.tags","var.public_subnet_tags"]},"vpc_id":{"references":["local.vpc_id"]}},"schema_version":1,"count_expression":{"references":["var.create_vpc","var.public_subnets","var.one_nat_gateway_per_az","var.public_subnets","var.azs","var.public_subnets"]}},{"address":"aws_vpc.this","mode":"managed","type":"aws_vpc","name":"this","provider_config_key":"vpc:aws","expressions":{"assign_generated_ipv6_cidr_block":{"references":["var.enable_ipv6"]},"cidr_block":{"references":["var.cidr"]},"enable_classiclink":{"references":["var.enable_classiclink"]},"enable_classiclink_dns_support":{"references":["var.enable_classiclink_dns_support"]},"enable_dns_hostnames":{"references":["var.enable_dns_hostnames"]},"enable_dns_support":{"references":["var.enable_dns_support"]},"instance_tenancy":{"references":["var.instance_tenancy"]},"tags":{"references":["var.app_name","var.env","local.tags","var.vpc_tags"]}},"schema_version":1,"count_expression":{"references":["var.create_vpc"]}},{"address":"aws_vpc_dhcp_options.this","mode":"managed","type":"aws_vpc_dhcp_options","name":"this","provider_config_key":"vpc:aws","expressions":{"domain_name":{"references":["var.dhcp_options_domain_name"]},"domain_name_servers":{"references":["var.dhcp_options_domain_name_servers"]},"netbios_name_servers":{"references":["var.dhcp_options_netbios_name_servers"]},"netbios_node_type":{"references":["var.dhcp_options_netbios_node_type"]},"ntp_servers":{"references":["var.dhcp_options_ntp_servers"]},"tags":{"references":["var.app_name","var.env","local.tags","var.dhcp_options_tags"]}},"schema_version":0,"count_expression":{"references":["var.create_vpc","var.enable_dhcp_options"]}},{"address":"aws_vpc_dhcp_options_association.this","mode":"managed","type":"aws_vpc_dhcp_options_association","name":"this","provider_config_key":"vpc:aws","expressions":{"dhcp_options_id":{"references":["aws_vpc_dhcp_options.this[0].id","aws_vpc_dhcp_options.this[0]","aws_vpc_dhcp_options.this"]},"vpc_id":{"references":["local.vpc_id"]}},"schema_version":0,"count_expression":{"references":["var.create_vpc","var.enable_dhcp_options"]}},{"address":"aws_vpc_ipv4_cidr_block_association.this","mode":"managed","type":"aws_vpc_ipv4_cidr_block_association","name":"this","provider_config_key":"vpc:aws","expressions":{"cidr_block":{"references":["var.secondary_cidr_blocks","count.index"]},"vpc_id":{"references":["aws_vpc.this[0].id","aws_vpc.this[0]","aws_vpc.this"]}},"schema_version":0,"count_expression":{"references":["var.create_vpc","var.secondary_cidr_blocks","var.secondary_cidr_blocks"]}}],"variables":{"amazon_side_asn":{"default":"64512","description":"The Autonomous System Number (ASN) for the Amazon side of the gateway. By default the virtual private gateway is created with the current default Amazon ASN."},"app_name":{"default":"","description":"Name of application."},"assign_ipv6_address_on_creation":{"default":false,"description":"Assign IPv6 address on subnet, must be disabled to change IPv6 CIDRs. This is the IPv6 equivalent of map_public_ip_on_launch"},"azs":{"default":[],"description":"A list of availability zones names or ids in the region"},"cidr":{"default":"0.0.0.0/0","description":"The CIDR block for the VPC. Default value is a valid CIDR, but not acceptable by AWS and should be overridden"},"create_database_internet_gateway_route":{"default":false,"description":"Controls if an internet gateway route for public database access should be created"},"create_database_nat_gateway_route":{"default":false,"description":"Controls if a nat gateway route should be created to give internet access to the database subnets"},"create_database_subnet_group":{"default":true,"description":"Controls if database subnet group should be created (n.b. database_subnets must also be set)"},"create_database_subnet_route_table":{"default":false,"description":"Controls if separate route table for database should be created"},"create_egress_only_igw":{"default":true,"description":"Controls if an Egress Only Internet Gateway is created and its related routes."},"create_flow_log_cloudwatch_iam_role":{"default":false,"description":"Whether to create IAM role for VPC Flow Logs"},"create_flow_log_cloudwatch_log_group":{"default":false,"description":"Whether to create CloudWatch log group for VPC Flow Logs"},"create_igw":{"default":true,"description":"Controls if an Internet Gateway is created for public subnets and the related routes that connect them."},"create_vpc":{"default":true,"description":"Controls if VPC should be created (it affects almost all resources)"},"customer_gateway_tags":{"default":{},"description":"Additional tags for the Customer Gateway"},"customer_gateways":{"default":{},"description":"Maps of Customer Gateway's attributes (BGP ASN and Gateway's Internet-routable external IP address)"},"database_acl_tags":{"default":{},"description":"Additional tags for the database subnets network ACL"},"database_dedicated_network_acl":{"default":false,"description":"Whether to use dedicated network ACL (not default) and custom rules for database subnets"},"database_inbound_acl_rules":{"default":[{"cidr_block":"0.0.0.0/0","from_port":"0","protocol":"-1","rule_action":"allow","rule_number":"100","to_port":"0"}],"description":"Database subnets inbound network ACL rules"},"database_outbound_acl_rules":{"default":[{"cidr_block":"0.0.0.0/0","from_port":"0","protocol":"-1","rule_action":"allow","rule_number":"100","to_port":"0"}],"description":"Database subnets outbound network ACL rules"},"database_route_table_tags":{"default":{},"description":"Additional tags for the database route tables"},"database_subnet_assign_ipv6_address_on_creation":{"default":null,"description":"Assign IPv6 address on database subnet, must be disabled to change IPv6 CIDRs. This is the IPv6 equivalent of map_public_ip_on_launch"},"database_subnet_group_tags":{"default":{},"description":"Additional tags for the database subnet group"},"database_subnet_ipv6_prefixes":{"default":[],"description":"Assigns IPv6 database subnet id based on the Amazon provided /56 prefix base 10 integer (0-256). Must be of equal length to the corresponding IPv4 subnet list"},"database_subnet_suffix":{"default":"db","description":"Suffix to append to database subnets name"},"database_subnet_tags":{"default":{},"description":"Additional tags for the database subnets"},"database_subnets":{"default":[],"description":"A list of database subnets"},"default_network_acl_egress":{"default":[{"action":"allow","cidr_block":"0.0.0.0/0","from_port":"0","protocol":"-1","rule_no":"100","to_port":"0"},{"action":"allow","from_port":"0","ipv6_cidr_block":"::/0","protocol":"-1","rule_no":"101","to_port":"0"}],"description":"List of maps of egress rules to set on the Default Network ACL"},"default_network_acl_ingress":{"default":[{"action":"allow","cidr_block":"0.0.0.0/0","from_port":"0","protocol":"-1","rule_no":"100","to_port":"0"},{"action":"allow","from_port":"0","ipv6_cidr_block":"::/0","protocol":"-1","rule_no":"101","to_port":"0"}],"description":"List of maps of ingress rules to set on the Default Network ACL"},"default_network_acl_name":{"default":"","description":"Name to be used on the Default Network ACL"},"default_network_acl_tags":{"default":{},"description":"Additional tags for the Default Network ACL"},"default_route_table_propagating_vgws":{"default":[],"description":"List of virtual gateways for propagation"},"default_route_table_routes":{"default":[],"description":"Configuration block of routes. See https://registry.terraform.io/providers/hashicorp/aws/latest/docs/resources/default_route_table#route"},"default_route_table_tags":{"default":{},"description":"Additional tags for the default route table"},"default_security_group_egress":{"default":null,"description":"List of maps of egress rules to set on the default security group"},"default_security_group_ingress":{"default":null,"description":"List of maps of ingress rules to set on the default security group"},"default_security_group_name":{"default":"default","description":"Name to be used on the default security group"},"default_security_group_tags":{"default":{},"description":"Additional tags for the default security group"},"default_vpc_enable_classiclink":{"default":false,"description":"Should be true to enable ClassicLink in the Default VPC"},"default_vpc_enable_dns_hostnames":{"default":false,"description":"Should be true to enable DNS hostnames in the Default VPC"},"default_vpc_enable_dns_support":{"default":true,"description":"Should be true to enable DNS support in the Default VPC"},"default_vpc_name":{"default":"","description":"Name to be used on the Default VPC"},"default_vpc_tags":{"default":{},"description":"Additional tags for the Default VPC"},"dhcp_options_domain_name":{"default":"","description":"Specifies DNS name for DHCP options set (requires enable_dhcp_options set to true)"},"dhcp_options_domain_name_servers":{"default":["AmazonProvidedDNS"],"description":"Specify a list of DNS server addresses for DHCP options set, default to AWS provided (requires enable_dhcp_options set to true)"},"dhcp_options_netbios_name_servers":{"default":[],"description":"Specify a list of netbios servers for DHCP options set (requires enable_dhcp_options set to true)"},"dhcp_options_netbios_node_type":{"default":"","description":"Specify netbios node_type for DHCP options set (requires enable_dhcp_options set to true)"},"dhcp_options_ntp_servers":{"default":[],"description":"Specify a list of NTP servers for DHCP options set (requires enable_dhcp_options set to true)"},"dhcp_options_tags":{"default":{},"description":"Additional tags for the DHCP option set (requires enable_dhcp_options set to true)"},"enable_classiclink":{"default":null,"description":"Should be true to enable ClassicLink for the VPC. Only valid in regions and accounts that support EC2 Classic."},"enable_classiclink_dns_support":{"default":null,"description":"Should be true to enable ClassicLink DNS Support for the VPC. Only valid in regions and accounts that support EC2 Classic."},"enable_dhcp_options":{"default":false,"description":"Should be true if you want to specify a DHCP options set with a custom domain name, DNS servers, NTP servers, netbios servers, and/or netbios server type"},"enable_dns_hostnames":{"default":false,"description":"Should be true to enable DNS hostnames in the VPC"},"enable_dns_support":{"default":true,"description":"Should be true to enable DNS support in the VPC"},"enable_flow_log":{"default":false,"description":"Whether or not to enable VPC Flow Logs"},"enable_ipv6":{"default":false,"description":"Requests an Amazon-provided IPv6 CIDR block with a /56 prefix length for the VPC. You cannot specify the range of IP addresses, or the size of the CIDR block."},"enable_nat_gateway":{"default":false,"description":"Should be true if you want to provision NAT Gateways for each of your private networks"},"enable_vpn_gateway":{"default":false,"description":"Should be true if you want to create a new VPN Gateway resource and attach it to the VPC"},"env":{"description":"Name of the application environment."},"external_nat_ip_ids":{"default":[],"description":"List of EIP IDs to be assigned to the NAT Gateways (used in combination with reuse_nat_ips)"},"external_nat_ips":{"default":[],"description":"List of EIPs to be used for `nat_public_ips` output (used in combination with reuse_nat_ips and external_nat_ip_ids)"},"flow_log_cloudwatch_iam_role_arn":{"default":"","description":"The ARN for the IAM role that's used to post flow logs to a CloudWatch Logs log group. When flow_log_destination_arn is set to ARN of Cloudwatch Logs, this argument needs to be provided."},"flow_log_cloudwatch_log_group_kms_key_id":{"default":null,"description":"The ARN of the KMS Key to use when encrypting log data for VPC flow logs."},"flow_log_cloudwatch_log_group_name_prefix":{"default":"/aws/vpc-flow-log/","description":"Specifies the name prefix of CloudWatch Log Group for VPC flow logs."},"flow_log_cloudwatch_log_group_retention_in_days":{"default":null,"description":"Specifies the number of days you want to retain log events in the specified log group for VPC flow logs."},"flow_log_destination_arn":{"default":"","description":"The ARN of the CloudWatch log group or S3 bucket where VPC Flow Logs will be pushed. If this ARN is a S3 bucket the appropriate permissions need to be set on that bucket's policy. When create_flow_log_cloudwatch_log_group is set to false this argument must be provided."},"flow_log_destination_type":{"default":"cloud-watch-logs","description":"Type of flow log destination. Can be s3 or cloud-watch-logs."},"flow_log_log_format":{"default":null,"description":"The fields to include in the flow log record, in the order in which they should appear."},"flow_log_max_aggregation_interval":{"default":600,"description":"The maximum interval of time during which a flow of packets is captured and aggregated into a flow log record. Valid Values: `60` seconds or `600` seconds."},"flow_log_traffic_type":{"default":"ALL","description":"The type of traffic to capture. Valid values: ACCEPT, REJECT, ALL."},"igw_tags":{"default":{},"description":"Additional tags for the internet gateway"},"instance_tenancy":{"default":"default","description":"A tenancy option for instances launched into the VPC"},"manage_default_network_acl":{"default":false,"description":"Should be true to adopt and manage Default Network ACL"},"manage_default_route_table":{"default":false,"description":"Should be true to manage default route table"},"manage_default_security_group":{"default":false,"description":"Should be true to adopt and manage default security group"},"manage_default_vpc":{"default":false,"description":"Should be true to adopt and manage Default VPC"},"map_public_ip_on_launch":{"default":true,"description":"Should be false if you do not want to auto-assign public IP on launch"},"name":{"default":"","description":"Name to be used on all the resources as identifier"},"nat_eip_tags":{"default":{},"description":"Additional tags for the NAT EIP"},"nat_gateway_tags":{"default":{},"description":"Additional tags for the NAT gateways"},"one_nat_gateway_per_az":{"default":false,"description":"Should be true if you want only one NAT Gateway per availability zone. Requires `var.azs` to be set, and the number of `public_subnets` created to be greater than or equal to the number of availability zones specified in `var.azs`."},"outpost_acl_tags":{"default":{},"description":"Additional tags for the outpost subnets network ACL"},"outpost_arn":{"default":null,"description":"ARN of Outpost you want to create a subnet in."},"outpost_az":{"default":null,"description":"AZ where Outpost is anchored."},"outpost_dedicated_network_acl":{"default":false,"description":"Whether to use dedicated network ACL (not default) and custom rules for outpost subnets"},"outpost_inbound_acl_rules":{"default":[{"cidr_block":"0.0.0.0/0","from_port":"0","protocol":"-1","rule_action":"allow","rule_number":"100","to_port":"0"}],"description":"Outpost subnets inbound network ACLs"},"outpost_outbound_acl_rules":{"default":[{"cidr_block":"0.0.0.0/0","from_port":"0","protocol":"-1","rule_action":"allow","rule_number":"100","to_port":"0"}],"description":"Outpost subnets outbound network ACLs"},"outpost_subnet_assign_ipv6_address_on_creation":{"default":null,"description":"Assign IPv6 address on outpost subnet, must be disabled to change IPv6 CIDRs. This is the IPv6 equivalent of map_public_ip_on_launch"},"outpost_subnet_ipv6_prefixes":{"default":[],"description":"Assigns IPv6 outpost subnet id based on the Amazon provided /56 prefix base 10 integer (0-256). Must be of equal length to the corresponding IPv4 subnet list"},"outpost_subnet_suffix":{"default":"outpost","description":"Suffix to append to outpost subnets name"},"outpost_subnet_tags":{"default":{},"description":"Additional tags for the outpost subnets"},"outpost_subnets":{"default":[],"description":"A list of outpost subnets inside the VPC"},"private_acl_tags":{"default":{},"description":"Additional tags for the private subnets network ACL"},"private_dedicated_network_acl":{"default":false,"description":"Whether to use dedicated network ACL (not default) and custom rules for private subnets"},"private_inbound_acl_rules":{"default":[{"cidr_block":"0.0.0.0/0","from_port":"0","protocol":"-1","rule_action":"allow","rule_number":"100","to_port":"0"}],"description":"Private subnets inbound network ACLs"},"private_outbound_acl_rules":{"default":[{"cidr_block":"0.0.0.0/0","from_port":"0","protocol":"-1","rule_action":"allow","rule_number":"100","to_port":"0"}],"description":"Private subnets outbound network ACLs"},"private_route_table_tags":{"default":{},"description":"Additional tags for the private route tables"},"private_subnet_assign_ipv6_address_on_creation":{"default":null,"description":"Assign IPv6 address on private subnet, must be disabled to change IPv6 CIDRs. This is the IPv6 equivalent of map_public_ip_on_launch"},"private_subnet_ipv6_prefixes":{"default":[],"description":"Assigns IPv6 private subnet id based on the Amazon provided /56 prefix base 10 integer (0-256). Must be of equal length to the corresponding IPv4 subnet list"},"private_subnet_suffix":{"default":"pvt","description":"Suffix to append to private subnets name"},"private_subnet_tags":{"default":{},"description":"Additional tags for the private subnets"},"private_subnets":{"default":[],"description":"A list of private subnets inside the VPC"},"propagate_private_route_tables_vgw":{"default":false,"description":"Should be true if you want route table propagation"},"propagate_public_route_tables_vgw":{"default":false,"description":"Should be true if you want route table propagation"},"public_acl_tags":{"default":{},"description":"Additional tags for the public subnets network ACL"},"public_dedicated_network_acl":{"default":false,"description":"Whether to use dedicated network ACL (not default) and custom rules for public subnets"},"public_inbound_acl_rules":{"default":[{"cidr_block":"0.0.0.0/0","from_port":"0","protocol":"-1","rule_action":"allow","rule_number":"100","to_port":"0"}],"description":"Public subnets inbound network ACLs"},"public_outbound_acl_rules":{"default":[{"cidr_block":"0.0.0.0/0","from_port":"0","protocol":"-1","rule_action":"allow","rule_number":"100","to_port":"0"}],"description":"Public subnets outbound network ACLs"},"public_route_table_tags":{"default":{},"description":"Additional tags for the public route tables"},"public_subnet_assign_ipv6_address_on_creation":{"default":null,"description":"Assign IPv6 address on public subnet, must be disabled to change IPv6 CIDRs. This is the IPv6 equivalent of map_public_ip_on_launch"},"public_subnet_ipv6_prefixes":{"default":[],"description":"Assigns IPv6 public subnet id based on the Amazon provided /56 prefix base 10 integer (0-256). Must be of equal length to the corresponding IPv4 subnet list"},"public_subnet_suffix":{"default":"pub","description":"Suffix to append to public subnets name"},"public_subnet_tags":{"default":{},"description":"Additional tags for the public subnets"},"public_subnets":{"default":[],"description":"A list of public subnets inside the VPC"},"reuse_nat_ips":{"default":false,"description":"Should be true if you don't want EIPs to be created for your NAT Gateways and will instead pass them in via the 'external_nat_ip_ids' variable"},"secondary_cidr_blocks":{"default":[],"description":"List of secondary CIDR blocks to associate with the VPC to extend the IP Address pool"},"single_nat_gateway":{"default":false,"description":"Should be true if you want to provision a single shared NAT Gateway across all of your private networks"},"tags":{"default":{},"description":"A map of tags to add to all resources"},"vpc_flow_log_permissions_boundary":{"default":null,"description":"The ARN of the Permissions Boundary for the VPC Flow Log IAM Role"},"vpc_flow_log_tags":{"default":{},"description":"Additional tags for the VPC Flow Logs"},"vpc_tags":{"default":{},"description":"Additional tags for the VPC"},"vpn_gateway_az":{"default":null,"description":"The Availability Zone for the VPN Gateway"},"vpn_gateway_id":{"default":"","description":"ID of VPN Gateway to attach to the VPC"},"vpn_gateway_tags":{"default":{},"description":"Additional tags for the VPN gateway"}}}},"vpc_endpoints":{"source":"../modules/vpc_endpoint","expressions":{"app_name":{"references":["var.app_name"]},"auto_accept":{"references":["each.value"]},"env":{"references":["var.env"]},"policy":{"references":["each.value"]},"private_dns_enabled":{"references":["each.value","each.value"]},"route_table_ids":{"references":["each.value","each.value"]},"security_group_ids":{"references":["each.value","var.extra_security_group_ids","data.aws_security_group.default","each.value[\"vpc_index\"]","each.value"]},"service":{"references":["each.value"]},"service_name":{"references":["each.value"]},"service_type":{"references":["each.value"]},"subnet_ids":{"references":["each.value","each.value"]},"tags":{"references":["local.tags"]},"vpc_endpoint_type":{"references":["each.value"]},"vpc_id":{"references":["module.vpc","each.value[\"vpc_index\"]","each.value"]}},"for_each_expression":{"references":["local.endpoints"]},"module":{"outputs":{"endpoints":{"expression":{"references":["aws_vpc_endpoint.this"]},"description":"Array containing the full resource object and attributes for all endpoints created"}},"resources":[{"address":"aws_vpc_endpoint.this","mode":"managed","type":"aws_vpc_endpoint","name":"this","provider_config_key":"vpc_endpoints:aws","expressions":{"auto_accept":{"references":["var.auto_accept"]},"policy":{"references":["var.policy"]},"private_dns_enabled":{"references":["var.private_dns_enabled"]},"route_table_ids":{"references":["var.route_table_ids"]},"security_group_ids":{"references":["var.security_group_ids"]},"service_name":{"references":["data.aws_vpc_endpoint_service.this.service_name","data.aws_vpc_endpoint_service.this"]},"subnet_ids":{"references":["var.subnet_ids"]},"tags":{"references":["var.app_name","var.env","var.service","var.tags"]},"timeouts":{"create":{"references":["var.timeouts"]},"delete":{"references":["var.timeouts"]},"update":{"references":["var.timeouts"]}},"vpc_endpoint_type":{"references":["var.vpc_endpoint_type"]},"vpc_id":{"references":["var.vpc_id"]}},"schema_version":0},{"address":"data.aws_vpc_endpoint_service.this","mode":"data","type":"aws_vpc_endpoint_service","name":"this","provider_config_key":"vpc_endpoints:aws","expressions":{"filter":[{"name":{"constant_value":"service-type"},"values":{"references":["var.service_type"]}}],"service":{"references":["var.service"]},"service_name":{"references":["var.service_name"]}},"schema_version":0}],"variables":{"app_name":{"description":"Application name."},"auto_accept":{"default":null,"description":"Accept the VPC endpoint (the VPC endpoint and service need to be in the same AWS account)"},"create":{"default":true,"description":"Determines whether resources will be created"},"endpoints":{"default":{},"description":"A map of interface and/or gateway endpoints containing their properties and configurations"},"env":{"description":"Environment name."},"policy":{"default":null,"description":"A policy to attach to the endpoint that controls access to the service. Defaults to full access. "},"private_dns_enabled":{"default":false,"description":"AWS services and AWS Marketplace partner services only) Whether or not to associate a private hosted zone with the specified VPC."},"route_table_ids":{"default":null,"description":"One or more route table IDs. Applicable for endpoints of type Gateway."},"security_group_ids":{"default":[],"description":"Default security group IDs to associate with the VPC endpoints"},"service":{"default":null,"description":"The common name of an AWS service (e.g. s3)."},"service_name":{"default":null,"description":"The service name that is specified when creating a VPC endpoint."},"service_type":{"default":"Interface","description":"The service type, Gateway or Interface."},"subnet_ids":{"default":[],"description":"Default subnets IDs to associate with the VPC endpoints"},"tags":{"default":{},"description":"A map of tags to use on all resources"},"timeouts":{"default":{},"description":"Define maximum timeout for creating, updating, and deleting VPC endpoint resources"},"vpc_endpoint_type":{"default":"Interface","description":"The VPC endpoint type, Gateway, GatewayLoadBalancer, or Interface. Defaults to Gateway"},"vpc_id":{"default":"","description":"The ID of the VPC in which the endpoint will be used"}}}}},"variables":{"app_name":{"default":"coinswitch"},"aws_profile":{"default":"coinswitch"},"env":{"default":"dev"},"extra_security_group_ids":{"default":[],"description":"Extra Security Group To Attach"},"intra_subnet_tags":{"default":{},"description":"Additional tags for the intra subnets"},"region":{"default":"ap-southeast-1"},"tags_as_map":{"default":{},"description":"A map of tags and values in the same format as other resources accept. This will be converted into the non-standard format that the aws_autoscaling_group requires."}}}}}
